{
  "lockfileVersion": 2,
  "configVersion": 1,
  "workspaces": {
    "": {
      "name": "log4js-appender-sentry",
      "dependencies": {
        "@sentry/node": "~8.55.2",
      },
      "devDependencies": {
        "@types/bun": "^1.4.2",
        "@types/node": "^24.13.3",
        "dprint": "~0.57.4",
        "log4js": "^6.9.1",
        "typescript": "~7.0.2",
      },
      "peerDependencies": {
        "log4js": ">=6",
      },
    },
  },
  "packages": {
    "@dprint/android-arm64": ["@dprint/android-arm64@0.57.4", "", { "os": "android", "cpu": "arm64" }, "sha512-vpafWVSNbB5ShCThZC3O5xOPsdxc2oeLedFVCsscSRf/iR6WZ62ROU2AGcxsJyE2y4/vxivejenbNYjWxL24sQ=="],

    "@dprint/android-x64": ["@dprint/android-x64@0.57.4", "", { "os": "android", "cpu": "x64" }, "sha512-Zv2I12Zs9IK8yv1wdXGWluUram9h8Acy3NuF/7WzsxIfdlmnWzUGxoc4Z0dno6aJpv0ViXybkIHPvDKrQnvxVA=="],

    "@dprint/darwin-arm64": ["@dprint/darwin-arm64@0.57.4", "", { "os": "darwin", "cpu": "arm64" }, "sha512-2V1BzlP+5aLxMaq77MUn2EdRX+UtOq34QjyMwpq1wQkR5MAT2cglJro4Eh1tsI+btjt3FMsX4/PLvz6eUSLl3g=="],

    "@dprint/darwin-x64": ["@dprint/darwin-x64@0.57.4", "", { "os": "darwin", "cpu": "x64" }, "sha512-dQfzBLBQro1O+CxIkIVc9LJqgYsWCKXTf+3QA0Gq/NjW6KPBwlbiCquew3UOeWwGEvarNSA0/Rvz5J8HnykTPA=="],

    "@dprint/linux-arm64-glibc": ["@dprint/linux-arm64-glibc@0.57.4", "", { "os": "linux", "cpu": "arm64" }, "sha512-zFCgx2E2szEnMgtBCKiI/G5vV5mi7rnTVDMB2FrIa6JheqF8pgfrx6m3HWzIed74cFM3/KCH0LmIfCNZT5vRfw=="],

    "@dprint/linux-arm64-musl": ["@dprint/linux-arm64-musl@0.57.4", "", { "os": "linux", "cpu": "arm64" }, "sha512-8DV33dU5c5vp/TJJp4Dy/4HYc4r5KidlMJgoiG0S9JMygVGjhrXRNiI/C7M9hLgsamqeLYt4MWfEGKvtgOwoew=="],

    "@dprint/linux-loong64-glibc": ["@dprint/linux-loong64-glibc@0.57.4", "", { "os": "linux", "cpu": "none" }, "sha512-166HbqGPMiKjCUuaiG6xyKrw8EKFF6vPBcmwFWUYHpZE6ipVVxt1Zen9957FXoxqyA5aspmK72eQGm72dQI2Yg=="],

    "@dprint/linux-loong64-musl": ["@dprint/linux-loong64-musl@0.57.4", "", { "os": "linux", "cpu": "none" }, "sha512-TTNKhwDj4qCWSiP20pdktb/mF0MfjVnXEcCXAd37ll6lx+ri4M5aQKyeyFL1pVGU9msjQv++UTU7MGF9uKfOzA=="],

    "@dprint/linux-ppc64-glibc": ["@dprint/linux-ppc64-glibc@0.57.4", "", { "os": "linux", "cpu": "ppc64" }, "sha512-kQGTaEoZIk+aHtEltz+nBQ54dhJ3dSxN4jxBOnK2wYCTaMkRnGxfF9Uwc29u/BL3Fw6ieDOJCSHy2VWFZdyctA=="],

    "@dprint/linux-ppc64-musl": ["@dprint/linux-ppc64-musl@0.57.4", "", { "os": "linux", "cpu": "ppc64" }, "sha512-NuhwpDFzyBovfpI3M47eBUju8eCxR7tfrMpPBWXyl9YgX0JeBZt6clOV/fwJ2P3DE/ARD9xoyQSGgHzDoSFlOQ=="],

    "@dprint/linux-riscv64-glibc": ["@dprint/linux-riscv64-glibc@0.57.4", "", { "os": "linux", "cpu": "none" }, "sha512-pWBdHK8SKt9IGldbuZGbec37RyQqP4zqsWfpq7iyH+m33f7Aagus5ktvKF85KYfLTewIg+ev3vlxryB9iHBiNA=="],

    "@dprint/linux-x64-glibc": ["@dprint/linux-x64-glibc@0.57.4", "", { "os": "linux", "cpu": "x64" }, "sha512-BYrSdjYo+nfUgXqgIbZZQnHvpM6UP7Dipfsuzxs0JmuHZRRkJIPjDdj/Qpbn/5Qv1gC4eV0cZsxRu8B634wkig=="],

    "@dprint/linux-x64-musl": ["@dprint/linux-x64-musl@0.57.4", "", { "os": "linux", "cpu": "x64" }, "sha512-pBRF5Kfv59FLtWYWWKpDLOv2+uTIr/XG2oMuRBiXXZom0b506aMm3zKCZ7z5ELeIYutPpASfkDbHcsyTY0ky6w=="],

    "@dprint/win32-arm64": ["@dprint/win32-arm64@0.57.4", "", { "os": "win32", "cpu": "arm64" }, "sha512-bGEtcSjl6T4xjwr9nUF5kgd3174NP7yb338+Ulqq5DMYcSN4ibI62eVQKBTuyLWByz56aVOL06dj8pKTUzn+yQ=="],

    "@dprint/win32-x64": ["@dprint/win32-x64@0.57.4", "", { "os": "win32", "cpu": "x64" }, "sha512-P91JJG2sDvK+SvZHdqjKygy7fYABbMH1KYop+WCowyjZUin09977qltdXwJ1vb77Cbi2OD0GWUuAlqO0PjNmaw=="],

    "@opentelemetry/api": ["@opentelemetry/api@1.9.1", "", {}, "sha512-gLyJlPHPZYdAk1JENA9LeHejZe1Ti77/pTeFm/nMXmQH/HFZlcS/O2XJB+L8fkbrNSqhdtlvjBVjxwUYanNH5Q=="],

    "@opentelemetry/api-logs": ["@opentelemetry/api-logs@0.57.2", "", { "dependencies": { "@opentelemetry/api": "^1.3.0" } }, "sha512-uIX52NnTM0iBh84MShlpouI7UKqkZ7MrUszTmaypHBu4r7NofznSnQRfJ+uUeDtQDj6w8eFGg5KBLDAwAPz1+A=="],

    "@opentelemetry/context-async-hooks": ["@opentelemetry/context-async-hooks@1.30.1", "", { "peerDependencies": { "@opentelemetry/api": ">=1.0.0 <1.10.0" } }, "sha512-s5vvxXPVdjqS3kTLKMeBMvop9hbWkwzBpu+mUO2M7sZtlkyDJGwFe33wRKnbaYDo8ExRVBIIdwIGrqpxHuKttA=="],

    "@opentelemetry/core": ["@opentelemetry/core@1.30.1", "", { "dependencies": { "@opentelemetry/semantic-conventions": "1.28.0" }, "peerDependencies": { "@opentelemetry/api": ">=1.0.0 <1.10.0" } }, "sha512-OOCM2C/QIURhJMuKaekP3TRBxBKxG/TWWA0TL2J6nXUtDnuCtccy49LUJF8xPFXMX+0LMcxFpCo8M9cGY1W6rQ=="],

    "@opentelemetry/instrumentation": ["@opentelemetry/instrumentation@0.57.2", "", { "dependencies": { "@opentelemetry/api-logs": "0.57.2", "@types/shimmer": "^1.2.0", "import-in-the-middle": "^1.8.1", "require-in-the-middle": "^7.1.1", "semver": "^7.5.2", "shimmer": "^1.2.1" }, "peerDependencies": { "@opentelemetry/api": "^1.3.0" } }, "sha512-BdBGhQBh8IjZ2oIIX6F2/Q3LKm/FDDKi6ccYKcBTeilh6SNdNKveDOLk73BkSJjQLJk6qe4Yh+hHw1UPhCDdrg=="],

    "@opentelemetry/instrumentation-amqplib": ["@opentelemetry/instrumentation-amqplib@0.46.1", "", { "dependencies": { "@opentelemetry/core": "^1.8.0", "@opentelemetry/instrumentation": "^0.57.1", "@opentelemetry/semantic-conventions": "^1.27.0" }, "peerDependencies": { "@opentelemetry/api": "^1.3.0" } }, "sha512-AyXVnlCf/xV3K/rNumzKxZqsULyITJH6OVLiW6730JPRqWA7Zc9bvYoVNpN6iOpTU8CasH34SU/ksVJmObFibQ=="],

    "@opentelemetry/instrumentation-connect": ["@opentelemetry/instrumentation-connect@0.43.0", "", { "dependencies": { "@opentelemetry/core": "^1.8.0", "@opentelemetry/instrumentation": "^0.57.0", "@opentelemetry/semantic-conventions": "^1.27.0", "@types/connect": "3.4.36" }, "peerDependencies": { "@opentelemetry/api": "^1.3.0" } }, "sha512-Q57JGpH6T4dkYHo9tKXONgLtxzsh1ZEW5M9A/OwKrZFyEpLqWgjhcZ3hIuVvDlhb426iDF1f9FPToV/mi5rpeA=="],

    "@opentelemetry/instrumentation-dataloader": ["@opentelemetry/instrumentation-dataloader@0.16.0", "", { "dependencies": { "@opentelemetry/instrumentation": "^0.57.0" }, "peerDependencies": { "@opentelemetry/api": "^1.3.0" } }, "sha512-88+qCHZC02up8PwKHk0UQKLLqGGURzS3hFQBZC7PnGwReuoKjHXS1o29H58S+QkXJpkTr2GACbx8j6mUoGjNPA=="],

    "@opentelemetry/instrumentation-express": ["@opentelemetry/instrumentation-express@0.47.0", "", { "dependencies": { "@opentelemetry/core": "^1.8.0", "@opentelemetry/instrumentation": "^0.57.0", "@opentelemetry/semantic-conventions": "^1.27.0" }, "peerDependencies": { "@opentelemetry/api": "^1.3.0" } }, "sha512-XFWVx6k0XlU8lu6cBlCa29ONtVt6ADEjmxtyAyeF2+rifk8uBJbk1La0yIVfI0DoKURGbaEDTNelaXG9l/lNNQ=="],

    "@opentelemetry/instrumentation-fastify": ["@opentelemetry/instrumentation-fastify@0.44.1", "", { "dependencies": { "@opentelemetry/core": "^1.8.0", "@opentelemetry/instrumentation": "^0.57.0", "@opentelemetry/semantic-conventions": "^1.27.0" }, "peerDependencies": { "@opentelemetry/api": "^1.3.0" } }, "sha512-RoVeMGKcNttNfXMSl6W4fsYoCAYP1vi6ZAWIGhBY+o7R9Y0afA7f9JJL0j8LHbyb0P0QhSYk+6O56OwI2k4iRQ=="],

    "@opentelemetry/instrumentation-fs": ["@opentelemetry/instrumentation-fs@0.19.0", "", { "dependencies": { "@opentelemetry/core": "^1.8.0", "@opentelemetry/instrumentation": "^0.57.0" }, "peerDependencies": { "@opentelemetry/api": "^1.3.0" } }, "sha512-JGwmHhBkRT2G/BYNV1aGI+bBjJu4fJUD/5/Jat0EWZa2ftrLV3YE8z84Fiij/wK32oMZ88eS8DI4ecLGZhpqsQ=="],

    "@opentelemetry/instrumentation-generic-pool": ["@opentelemetry/instrumentation-generic-pool@0.43.0", "", { "dependencies": { "@opentelemetry/instrumentation": "^0.57.0" }, "peerDependencies": { "@opentelemetry/api": "^1.3.0" } }, "sha512-at8GceTtNxD1NfFKGAuwtqM41ot/TpcLh+YsGe4dhf7gvv1HW/ZWdq6nfRtS6UjIvZJOokViqLPJ3GVtZItAnQ=="],

    "@opentelemetry/instrumentation-graphql": ["@opentelemetry/instrumentation-graphql@0.47.0", "", { "dependencies": { "@opentelemetry/instrumentation": "^0.57.0" }, "peerDependencies": { "@opentelemetry/api": "^1.3.0" } }, "sha512-Cc8SMf+nLqp0fi8oAnooNEfwZWFnzMiBHCGmDFYqmgjPylyLmi83b+NiTns/rKGwlErpW0AGPt0sMpkbNlzn8w=="],

    "@opentelemetry/instrumentation-hapi": ["@opentelemetry/instrumentation-hapi@0.45.1", "", { "dependencies": { "@opentelemetry/core": "^1.8.0", "@opentelemetry/instrumentation": "^0.57.0", "@opentelemetry/semantic-conventions": "^1.27.0" }, "peerDependencies": { "@opentelemetry/api": "^1.3.0" } }, "sha512-VH6mU3YqAKTePPfUPwfq4/xr049774qWtfTuJqVHoVspCLiT3bW+fCQ1toZxt6cxRPYASoYaBsMA3CWo8B8rcw=="],

    "@opentelemetry/instrumentation-http": ["@opentelemetry/instrumentation-http@0.57.1", "", { "dependencies": { "@opentelemetry/core": "1.30.1", "@opentelemetry/instrumentation": "0.57.1", "@opentelemetry/semantic-conventions": "1.28.0", "forwarded-parse": "2.1.2", "semver": "^7.5.2" }, "peerDependencies": { "@opentelemetry/api": "^1.3.0" } }, "sha512-ThLmzAQDs7b/tdKI3BV2+yawuF09jF111OFsovqT1Qj3D8vjwKBwhi/rDE5xethwn4tSXtZcJ9hBsVAlWFQZ7g=="],

    "@opentelemetry/instrumentation-ioredis": ["@opentelemetry/instrumentation-ioredis@0.47.0", "", { "dependencies": { "@opentelemetry/instrumentation": "^0.57.0", "@opentelemetry/redis-common": "^0.36.2", "@opentelemetry/semantic-conventions": "^1.27.0" }, "peerDependencies": { "@opentelemetry/api": "^1.3.0" } }, "sha512-4HqP9IBC8e7pW9p90P3q4ox0XlbLGme65YTrA3UTLvqvo4Z6b0puqZQP203YFu8m9rE/luLfaG7/xrwwqMUpJw=="],

    "@opentelemetry/instrumentation-kafkajs": ["@opentelemetry/instrumentation-kafkajs@0.7.0", "", { "dependencies": { "@opentelemetry/instrumentation": "^0.57.0", "@opentelemetry/semantic-conventions": "^1.27.0" }, "peerDependencies": { "@opentelemetry/api": "^1.3.0" } }, "sha512-LB+3xiNzc034zHfCtgs4ITWhq6Xvdo8bsq7amR058jZlf2aXXDrN9SV4si4z2ya9QX4tz6r4eZJwDkXOp14/AQ=="],

    "@opentelemetry/instrumentation-knex": ["@opentelemetry/instrumentation-knex@0.44.0", "", { "dependencies": { "@opentelemetry/instrumentation": "^0.57.0", "@opentelemetry/semantic-conventions": "^1.27.0" }, "peerDependencies": { "@opentelemetry/api": "^1.3.0" } }, "sha512-SlT0+bLA0Lg3VthGje+bSZatlGHw/vwgQywx0R/5u9QC59FddTQSPJeWNw29M6f8ScORMeUOOTwihlQAn4GkJQ=="],

    "@opentelemetry/instrumentation-koa": ["@opentelemetry/instrumentation-koa@0.47.0", "", { "dependencies": { "@opentelemetry/core": "^1.8.0", "@opentelemetry/instrumentation": "^0.57.0", "@opentelemetry/semantic-conventions": "^1.27.0" }, "peerDependencies": { "@opentelemetry/api": "^1.3.0" } }, "sha512-HFdvqf2+w8sWOuwtEXayGzdZ2vWpCKEQv5F7+2DSA74Te/Cv4rvb2E5So5/lh+ok4/RAIPuvCbCb/SHQFzMmbw=="],

    "@opentelemetry/instrumentation-lru-memoizer": ["@opentelemetry/instrumentation-lru-memoizer@0.44.0", "", { "dependencies": { "@opentelemetry/instrumentation": "^0.57.0" }, "peerDependencies": { "@opentelemetry/api": "^1.3.0" } }, "sha512-Tn7emHAlvYDFik3vGU0mdwvWJDwtITtkJ+5eT2cUquct6nIs+H8M47sqMJkCpyPe5QIBJoTOHxmc6mj9lz6zDw=="],

    "@opentelemetry/instrumentation-mongodb": ["@opentelemetry/instrumentation-mongodb@0.51.0", "", { "dependencies": { "@opentelemetry/instrumentation": "^0.57.0", "@opentelemetry/semantic-conventions": "^1.27.0" }, "peerDependencies": { "@opentelemetry/api": "^1.3.0" } }, "sha512-cMKASxCX4aFxesoj3WK8uoQ0YUrRvnfxaO72QWI2xLu5ZtgX/QvdGBlU3Ehdond5eb74c2s1cqRQUIptBnKz1g=="],

    "@opentelemetry/instrumentation-mongoose": ["@opentelemetry/instrumentation-mongoose@0.46.0", "", { "dependencies": { "@opentelemetry/core": "^1.8.0", "@opentelemetry/instrumentation": "^0.57.0", "@opentelemetry/semantic-conventions": "^1.27.0" }, "peerDependencies": { "@opentelemetry/api": "^1.3.0" } }, "sha512-mtVv6UeaaSaWTeZtLo4cx4P5/ING2obSqfWGItIFSunQBrYROfhuVe7wdIrFUs2RH1tn2YYpAJyMaRe/bnTTIQ=="],

    "@opentelemetry/instrumentation-mysql": ["@opentelemetry/instrumentation-mysql@0.45.0", "", { "dependencies": { "@opentelemetry/instrumentation": "^0.57.0", "@opentelemetry/semantic-conventions": "^1.27.0", "@types/mysql": "2.15.26" }, "peerDependencies": { "@opentelemetry/api": "^1.3.0" } }, "sha512-tWWyymgwYcTwZ4t8/rLDfPYbOTF3oYB8SxnYMtIQ1zEf5uDm90Ku3i6U/vhaMyfHNlIHvDhvJh+qx5Nc4Z3Acg=="],

    "@opentelemetry/instrumentation-mysql2": ["@opentelemetry/instrumentation-mysql2@0.45.0", "", { "dependencies": { "@opentelemetry/instrumentation": "^0.57.0", "@opentelemetry/semantic-conventions": "^1.27.0", "@opentelemetry/sql-common": "^0.40.1" }, "peerDependencies": { "@opentelemetry/api": "^1.3.0" } }, "sha512-qLslv/EPuLj0IXFvcE3b0EqhWI8LKmrgRPIa4gUd8DllbBpqJAvLNJSv3cC6vWwovpbSI3bagNO/3Q2SuXv2xA=="],

    "@opentelemetry/instrumentation-nestjs-core": ["@opentelemetry/instrumentation-nestjs-core@0.44.0", "", { "dependencies": { "@opentelemetry/instrumentation": "^0.57.0", "@opentelemetry/semantic-conventions": "^1.27.0" }, "peerDependencies": { "@opentelemetry/api": "^1.3.0" } }, "sha512-t16pQ7A4WYu1yyQJZhRKIfUNvl5PAaF2pEteLvgJb/BWdd1oNuU1rOYt4S825kMy+0q4ngiX281Ss9qiwHfxFQ=="],

    "@opentelemetry/instrumentation-pg": ["@opentelemetry/instrumentation-pg@0.50.0", "", { "dependencies": { "@opentelemetry/core": "^1.26.0", "@opentelemetry/instrumentation": "^0.57.0", "@opentelemetry/semantic-conventions": "1.27.0", "@opentelemetry/sql-common": "^0.40.1", "@types/pg": "8.6.1", "@types/pg-pool": "2.0.6" }, "peerDependencies": { "@opentelemetry/api": "^1.3.0" } }, "sha512-TtLxDdYZmBhFswm8UIsrDjh/HFBeDXd4BLmE8h2MxirNHewLJ0VS9UUddKKEverb5Sm2qFVjqRjcU+8Iw4FJ3w=="],

    "@opentelemetry/instrumentation-redis-4": ["@opentelemetry/instrumentation-redis-4@0.46.0", "", { "dependencies": { "@opentelemetry/instrumentation": "^0.57.0", "@opentelemetry/redis-common": "^0.36.2", "@opentelemetry/semantic-conventions": "^1.27.0" }, "peerDependencies": { "@opentelemetry/api": "^1.3.0" } }, "sha512-aTUWbzbFMFeRODn3720TZO0tsh/49T8H3h8vVnVKJ+yE36AeW38Uj/8zykQ/9nO8Vrtjr5yKuX3uMiG/W8FKNw=="],

    "@opentelemetry/instrumentation-tedious": ["@opentelemetry/instrumentation-tedious@0.18.0", "", { "dependencies": { "@opentelemetry/instrumentation": "^0.57.0", "@opentelemetry/semantic-conventions": "^1.27.0", "@types/tedious": "^4.0.14" }, "peerDependencies": { "@opentelemetry/api": "^1.3.0" } }, "sha512-9zhjDpUDOtD+coeADnYEJQ0IeLVCj7w/hqzIutdp5NqS1VqTAanaEfsEcSypyvYv5DX3YOsTUoF+nr2wDXPETA=="],

    "@opentelemetry/instrumentation-undici": ["@opentelemetry/instrumentation-undici@0.10.0", "", { "dependencies": { "@opentelemetry/core": "^1.8.0", "@opentelemetry/instrumentation": "^0.57.0" }, "peerDependencies": { "@opentelemetry/api": "^1.7.0" } }, "sha512-vm+V255NGw9gaSsPD6CP0oGo8L55BffBc8KnxqsMuc6XiAD1L8SFNzsW0RHhxJFqy9CJaJh+YiJ5EHXuZ5rZBw=="],

    "@opentelemetry/redis-common": ["@opentelemetry/redis-common@0.36.2", "", {}, "sha512-faYX1N0gpLhej/6nyp6bgRjzAKXn5GOEMYY7YhciSfCoITAktLUtQ36d24QEWNA1/WA1y6qQunCe0OhHRkVl9g=="],

    "@opentelemetry/resources": ["@opentelemetry/resources@1.30.1", "", { "dependencies": { "@opentelemetry/core": "1.30.1", "@opentelemetry/semantic-conventions": "1.28.0" }, "peerDependencies": { "@opentelemetry/api": ">=1.0.0 <1.10.0" } }, "sha512-5UxZqiAgLYGFjS4s9qm5mBVo433u+dSPUFWVWXmLAD4wB65oMCoXaJP1KJa9DIYYMeHu3z4BZcStG3LC593cWA=="],

    "@opentelemetry/sdk-trace-base": ["@opentelemetry/sdk-trace-base@1.30.1", "", { "dependencies": { "@opentelemetry/core": "1.30.1", "@opentelemetry/resources": "1.30.1", "@opentelemetry/semantic-conventions": "1.28.0" }, "peerDependencies": { "@opentelemetry/api": ">=1.0.0 <1.10.0" } }, "sha512-jVPgBbH1gCy2Lb7X0AVQ8XAfgg0pJ4nvl8/IiQA6nxOsPvS+0zMJaFSs2ltXe0J6C8dqjcnpyqINDJmU30+uOg=="],

    "@opentelemetry/semantic-conventions": ["@opentelemetry/semantic-conventions@1.43.0", "", {}, "sha512-eSYWTm620tTk45EKSedaUL8MFYI8hW164hIXsgIHyxu3VobUB3fFCu5t0hQby6OoWRPsG1KkKUG2M5UadiLiVg=="],

    "@opentelemetry/sql-common": ["@opentelemetry/sql-common@0.40.1", "", { "dependencies": { "@opentelemetry/core": "^1.1.0" }, "peerDependencies": { "@opentelemetry/api": "^1.1.0" } }, "sha512-nSDlnHSqzC3pXn/wZEZVLuAuJ1MYMXPBwtv2qAbCa3847SaHItdE7SzUq/Jtb0KZmh1zfAbNi3AAMjztTT4Ugg=="],

    "@prisma/instrumentation": ["@prisma/instrumentation@5.22.0", "", { "dependencies": { "@opentelemetry/api": "^1.8", "@opentelemetry/instrumentation": "^0.49 || ^0.50 || ^0.51 || ^0.52.0 || ^0.53.0", "@opentelemetry/sdk-trace-base": "^1.22" } }, "sha512-LxccF392NN37ISGxIurUljZSh1YWnphO34V5a0+T7FVQG2u9bhAXRTJpgmQ3483woVhkraQZFF7cbRrpbw/F4Q=="],

    "@sentry/core": ["@sentry/core@8.55.2", "", {}, "sha512-YlEBwybUcOQ/KjMHDmof1vwweVnBtBxYlQp7DE3fOdtW4pqqdHWTnTntQs4VgYfxzjJYgtkd9LHlGtg8qy+JVQ=="],

    "@sentry/node": ["@sentry/node@8.55.2", "", { "dependencies": { "@opentelemetry/api": "^1.9.0", "@opentelemetry/context-async-hooks": "^1.30.1", "@opentelemetry/core": "^1.30.1", "@opentelemetry/instrumentation": "^0.57.1", "@opentelemetry/instrumentation-amqplib": "^0.46.0", "@opentelemetry/instrumentation-connect": "0.43.0", "@opentelemetry/instrumentation-dataloader": "0.16.0", "@opentelemetry/instrumentation-express": "0.47.0", "@opentelemetry/instrumentation-fastify": "0.44.1", "@opentelemetry/instrumentation-fs": "0.19.0", "@opentelemetry/instrumentation-generic-pool": "0.43.0", "@opentelemetry/instrumentation-graphql": "0.47.0", "@opentelemetry/instrumentation-hapi": "0.45.1", "@opentelemetry/instrumentation-http": "0.57.1", "@opentelemetry/instrumentation-ioredis": "0.47.0", "@opentelemetry/instrumentation-kafkajs": "0.7.0", "@opentelemetry/instrumentation-knex": "0.44.0", "@opentelemetry/instrumentation-koa": "0.47.0", "@opentelemetry/instrumentation-lru-memoizer": "0.44.0", "@opentelemetry/instrumentation-mongodb": "0.51.0", "@opentelemetry/instrumentation-mongoose": "0.46.0", "@opentelemetry/instrumentation-mysql": "0.45.0", "@opentelemetry/instrumentation-mysql2": "0.45.0", "@opentelemetry/instrumentation-nestjs-core": "0.44.0", "@opentelemetry/instrumentation-pg": "0.50.0", "@opentelemetry/instrumentation-redis-4": "0.46.0", "@opentelemetry/instrumentation-tedious": "0.18.0", "@opentelemetry/instrumentation-undici": "0.10.0", "@opentelemetry/resources": "^1.30.1", "@opentelemetry/sdk-trace-base": "^1.30.1", "@opentelemetry/semantic-conventions": "^1.28.0", "@prisma/instrumentation": "5.22.0", "@sentry/core": "8.55.2", "@sentry/opentelemetry": "8.55.2", "import-in-the-middle": "^1.11.2" } }, "sha512-x3Whryb4TytiIhH9ABLVuASfBvwA50v6PpJYvq0Y9dUMi9Eb0cfuqvRCB3e+oVntZHQpnXor2U/gRBIdG2jp4w=="],

    "@sentry/opentelemetry": ["@sentry/opentelemetry@8.55.2", "", { "dependencies": { "@sentry/core": "8.55.2" }, "peerDependencies": { "@opentelemetry/api": "^1.9.0", "@opentelemetry/context-async-hooks": "^1.30.1", "@opentelemetry/core": "^1.30.1", "@opentelemetry/instrumentation": "^0.57.1", "@opentelemetry/sdk-trace-base": "^1.30.1", "@opentelemetry/semantic-conventions": "^1.28.0" } }, "sha512-pbhXi4cS1W4l392yEfIx3UD28OYAl9JkYOmh/Cpm6cPTtRMPxi3hWeujGbcXV9T/RkWYjqd+JdUDJjqsWSww9A=="],

    "@types/bun": ["@types/bun@1.4.2", "", { "dependencies": { "bun-types": "1.4.2" } }, "sha512-GimotNn7+ZV0uVArItBbriZsR1oNf0+WTzPkdcFrzShI7k2norL0uzEaJT8T33dWr7O/c9ZDuAFQrctKCi72oQ=="],

    "@types/connect": ["@types/connect@3.4.36", "", { "dependencies": { "@types/node": "*" } }, "sha512-P63Zd/JUGq+PdrM1lv0Wv5SBYeA2+CORvbrXbngriYY0jzLUWfQMQQxOhjONEz/wlHOAxOdY7CY65rgQdTjq2w=="],

    "@types/mysql": ["@types/mysql@2.15.26", "", { "dependencies": { "@types/node": "*" } }, "sha512-DSLCOXhkvfS5WNNPbfn2KdICAmk8lLc+/PNvnPnF7gOdMZCxopXduqv0OQ13y/yA/zXTSikZZqVgybUxOEg6YQ=="],

    "@types/node": ["@types/node@24.13.4", "", { "dependencies": { "undici-types": "~7.18.0" } }, "sha512-YJ7EqCstVTzIr0fMr7qul/977en+pQHrfmuKIo6Zr9i75Be21dr3MovcfvGtyvi2HAUrRerWps5sMO9I7WaxDw=="],

    "@types/pg": ["@types/pg@8.6.1", "", { "dependencies": { "@types/node": "*", "pg-protocol": "*", "pg-types": "^2.2.0" } }, "sha512-1Kc4oAGzAl7uqUStZCDvaLFqZrW9qWSjXOmBfdgyBP5La7Us6Mg4GBvRlSoaZMhQF/zSj1C8CtKMBkoiT8eL8w=="],

    "@types/pg-pool": ["@types/pg-pool@2.0.6", "", { "dependencies": { "@types/pg": "*" } }, "sha512-TaAUE5rq2VQYxab5Ts7WZhKNmuN78Q6PiFonTDdpbx8a1H0M1vhy3rhiMjl+e2iHmogyMw7jZF4FrE6eJUy5HQ=="],

    "@types/shimmer": ["@types/shimmer@1.2.0", "", {}, "sha512-UE7oxhQLLd9gub6JKIAhDq06T0F6FnztwMNRvYgjeQSBeMc1ZG/tA47EwfduvkuQS8apbkM/lpLpWsaCeYsXVg=="],

    "@types/tedious": ["@types/tedious@4.0.14", "", { "dependencies": { "@types/node": "*" } }, "sha512-KHPsfX/FoVbUGbyYvk1q9MMQHLPeRZhRJZdO45Q4YjvFkv4hMNghCWTvy7rdKessBsmtz4euWCWAB6/tVpI1Iw=="],

    "@typescript/typescript-aix-ppc64": ["@typescript/typescript-aix-ppc64@7.0.2", "", { "os": "aix", "cpu": "ppc64" }, "sha512-MTKKkWB7p/0E9xi1d1tHtZ5PiLkGEMIq88pK2CubZjOsLtYTLqhgIgi6zepFa+9GHZ6h05NMCkQxGKiPXMxXtQ=="],

    "@typescript/typescript-darwin-arm64": ["@typescript/typescript-darwin-arm64@7.0.2", "", { "os": "darwin", "cpu": "arm64" }, "sha512-gowzar9MwS/aRWp6f3a4KUqzRjAZjOsmGNCM6LcTgXum+dBfgsBVMN+AgvOCCbguXyick6LJhpBszxMebJ8syA=="],

    "@typescript/typescript-darwin-x64": ["@typescript/typescript-darwin-x64@7.0.2", "", { "os": "darwin", "cpu": "x64" }, "sha512-SZ9xZInqApNlNGc9s0W1VSsktYSOe9cFqNOIqmN1Gs8SmkjKZYFt017G4VwPxASInODuAdbTW7sXiFUf893RgA=="],

    "@typescript/typescript-freebsd-arm64": ["@typescript/typescript-freebsd-arm64@7.0.2", "", { "os": "freebsd", "cpu": "arm64" }, "sha512-W5NH4y/J0plIIS5b2xvTEkU7JFxyqdMAOgf+Ilhl0vHQXKO5dZoxd+C/jEtq56c4F3wk71RB4BMRQ2XdI+bwYQ=="],

    "@typescript/typescript-freebsd-x64": ["@typescript/typescript-freebsd-x64@7.0.2", "", { "os": "freebsd", "cpu": "x64" }, "sha512-UMGDx5sTpzNw3WiPebH7l90IWfJggEd+egHt/q6p7/Cm3zqoV7VxkGXt+3DxPIw8CcmvAB0j3sVVfbhX+M4Tpw=="],

    "@typescript/typescript-linux-arm": ["@typescript/typescript-linux-arm@7.0.2", "", { "os": "linux", "cpu": "arm" }, "sha512-gffT3xPz9sR7j/YJExkyPntrI0P2EP9XbOyWzth2/Gs0RstK+90RBcO0ncXoXy/beYll1SXw846Nf2zdnEz0QQ=="],

    "@typescript/typescript-linux-arm64": ["@typescript/typescript-linux-arm64@7.0.2", "", { "os": "linux", "cpu": "arm64" }, "sha512-Qh4eU4/y3yDjnfjjyPYihMj5/ODIlmt+Bzu17OI+fiSRDW57QmU5SiN63exPRNJPKUzcc1INa1NXdrJ+MqHjUQ=="],

    "@typescript/typescript-linux-loong64": ["@typescript/typescript-linux-loong64@7.0.2", "", { "os": "linux", "cpu": "none" }, "sha512-uEHck9i8hoAzXPiYRib1O7miOnz23SxIeVl6F4LXox+qov1K35jHcEW6VHKvZI+pyvl7fZEP4MCU5LYvIq1GuQ=="],

    "@typescript/typescript-linux-mips64el": ["@typescript/typescript-linux-mips64el@7.0.2", "", { "os": "linux", "cpu": "none" }, "sha512-R4KvAMnE43W5Qeqb0Ly56O3mWMWIAgsMyz36DCaycd5nbg/9kzm0liw3JocfRqyJY0KPmzFjbswozXyW0DnIYA=="],

    "@typescript/typescript-linux-ppc64": ["@typescript/typescript-linux-ppc64@7.0.2", "", { "os": "linux", "cpu": "ppc64" }, "sha512-DORx5b3sd/4S7eayxm4FQv+A7CrkUIGRaHiwI8oiHTAI1fAPWhF4J0vAlkC8biAlHSVVwxMQ3tjZ2/DVbnQiiA=="],

    "@typescript/typescript-linux-riscv64": ["@typescript/typescript-linux-riscv64@7.0.2", "", { "os": "linux", "cpu": "none" }, "sha512-wf0jqEDOjrPRnKwYRyyJDRo11KMbvMFrU+q4zqKyChODBzvlkbhNQfKvLxQCcwTpdDaXSHZTVuh0JoCrKCUMHQ=="],

    "@typescript/typescript-linux-s390x": ["@typescript/typescript-linux-s390x@7.0.2", "", { "os": "linux", "cpu": "s390x" }, "sha512-IkwJc3L7yhytWd/ewjyxNDfOmswCm9GWMJT/ue/dU4aZNbwZeYAetq42VyLmsmSjvoX7z74X6ZaYCtzAr0EuGw=="],

    "@typescript/typescript-linux-x64": ["@typescript/typescript-linux-x64@7.0.2", "", { "os": "linux", "cpu": "x64" }, "sha512-EYdf2cNg7rgCWJnxCdJ+F3V39O8ihb37eHAu1LK8oAFizgTQbPOK7zHHXbPt8rX24COqODXeI3sIf0fCXG7H/A=="],

    "@typescript/typescript-netbsd-arm64": ["@typescript/typescript-netbsd-arm64@7.0.2", "", { "os": "none", "cpu": "arm64" }, "sha512-+polYF4MF04aPpO5FTkHran9yUQDSXqy5GiSDKpsll5jy3l3+g9QLhpf39T+ePtefhXLOGrLl0QIjkQP6VnelA=="],

    "@typescript/typescript-netbsd-x64": ["@typescript/typescript-netbsd-x64@7.0.2", "", { "os": "none", "cpu": "x64" }, "sha512-8YIT0EHM/3dq10ZOVF/A7pc/YSMtbcecct4rWtexrnSCHOPcpC2KTLXfTCR6vDpnSiY12heNb1GiN/wu+T/FyA=="],

    "@typescript/typescript-openbsd-arm64": ["@typescript/typescript-openbsd-arm64@7.0.2", "", { "os": "openbsd", "cpu": "arm64" }, "sha512-APT8+ClYnuYm1u9+kgGXoMj2VzWzcymwh2gNSQVySHfkRDGOTVkoWLjCmOQSaO+PoqQ57B0flRp9SA+7GnnkzQ=="],

    "@typescript/typescript-openbsd-x64": ["@typescript/typescript-openbsd-x64@7.0.2", "", { "os": "openbsd", "cpu": "x64" }, "sha512-yX7s+Q0Dln0Dt9tEzZsAjXXR/+ytBM7AlglaqyeMPxQszJ1JhlJdZ6jLA+IzldHtflX81em7lDao1xXu+aRRkg=="],

    "@typescript/typescript-sunos-x64": ["@typescript/typescript-sunos-x64@7.0.2", "", { "os": "sunos", "cpu": "x64" }, "sha512-dLJDGaLZ1D4HPQn62u1n8mBDkJREwMsAkCdkwd4Ieqw+x3TUyTsqY0YiBCtE6H6OzzgGk3iuZ3vFWRS+E8/d1g=="],

    "@typescript/typescript-win32-arm64": ["@typescript/typescript-win32-arm64@7.0.2", "", { "os": "win32", "cpu": "arm64" }, "sha512-Gyl1Vy6OsWesLzmq+EP0Fb7b4Nid5232AvcA2SFcdYreldpNtYFFofPjnt62y9hQy7VTaZp65ICJjuAQRaVcIQ=="],

    "@typescript/typescript-win32-x64": ["@typescript/typescript-win32-x64@7.0.2", "", { "os": "win32", "cpu": "x64" }, "sha512-0BQ3HkAHHlKLSp1qRvf3SUhGpGsDuhB/jgFw75guyqbxJqEaS0Cw/VFO8i2nHglJUzQCRtMMR/IBAKE3ETMC4g=="],

    "acorn": ["acorn@8.18.0", "", { "bin": { "acorn": "bin/acorn" } }, "sha512-lGq+9yr1/GuAWaVYIHRjvvySG5/4VfKIvC8EWxStPdcDh/Ka7FG3twP6v4d5BkravUilhIAsG4Qj83t02LWUPQ=="],

    "acorn-import-attributes": ["acorn-import-attributes@1.9.5", "", { "peerDependencies": { "acorn": "^8" } }, "sha512-n02Vykv5uA3eHGM/Z2dQrcD56kL8TyDb2p1+0P83PClMnC/nc+anbQRhIOWnSq4Ke/KvDPrY3C9hDtC/A3eHnQ=="],

    "bun-types": ["bun-types@1.4.2", "", { "dependencies": { "@types/node": "*" } }, "sha512-bxV1FgK7yBIzjRe5zBozIM4Bem11ZJcCXSrjWRG3YWLt8yFDePu4cLjpebO8OvPeIE9trbyPF4fuj3Cia4Fj3w=="],

    "cjs-module-lexer": ["cjs-module-lexer@1.4.3", "", {}, "sha512-9z8TZaGM1pfswYeXrUpzPrkx8UnWYdhJclsiYMm6x/w5+nN+8Tf/LnAgfLGQCm59qAOxU8WwHEq2vNwF6i4j+Q=="],

    "date-format": ["date-format@4.0.14", "", {}, "sha512-39BOQLs9ZjKh0/patS9nrT8wc3ioX3/eA/zgbKNopnF2wCqJEoxywwwElATYvRsXdnOxA/OQeQoFZ3rFjVajhg=="],

    "debug": ["debug@4.4.3", "", { "dependencies": { "ms": "^2.1.3" } }, "sha512-RGwwWnwQvkVfavKVt22FGLw+xYSdzARwm0ru6DhTVA3umU5hZc28V3kO4stgYryrTlLpuvgI9GiijltAjNbcqA=="],

    "dprint": ["dprint@0.57.4", "", { "optionalDependencies": { "@dprint/android-arm64": "0.57.4", "@dprint/android-x64": "0.57.4", "@dprint/darwin-arm64": "0.57.4", "@dprint/darwin-x64": "0.57.4", "@dprint/linux-arm64-glibc": "0.57.4", "@dprint/linux-arm64-musl": "0.57.4", "@dprint/linux-loong64-glibc": "0.57.4", "@dprint/linux-loong64-musl": "0.57.4", "@dprint/linux-ppc64-glibc": "0.57.4", "@dprint/linux-ppc64-musl": "0.57.4", "@dprint/linux-riscv64-glibc": "0.57.4", "@dprint/linux-x64-glibc": "0.57.4", "@dprint/linux-x64-musl": "0.57.4", "@dprint/win32-arm64": "0.57.4", "@dprint/win32-x64": "0.57.4" }, "bin": { "dprint": "bin.cjs" } }, "sha512-iiorgfJrrV7DDf7S9AB/d5ZB59Jn5idMDQoU7o6H9m6AvGVaLAPrGTAslmTwykkft9CYbWzqUrKjmKT80KWmAA=="],

    "es-errors": ["es-errors@1.3.0", "", {}, "sha512-Zf5H2Kxt2xjTvbJvP2ZWLEICxA6j+hAmMzIlypy4xcBg1vKVnx89Wy0GbS+kf5cwCVFFzdCFh2XSCFNULS6csw=="],

    "flatted": ["flatted@3.4.4", "", {}, "sha512-5+ybhBZANEJxaH3X5evAFatUxLfEHSr7n6kYJ+1Qd0mUqr4eu9gIf6GDbWHf8RJijHrjjO8G+la14SlL2SeS1Q=="],

    "forwarded-parse": ["forwarded-parse@2.1.2", "", {}, "sha512-alTFZZQDKMporBH77856pXgzhEzaUVmLCDk+egLgIgHst3Tpndzz8MnKe+GzRJRfvVdn69HhpW7cmXzvtLvJAw=="],

    "fs-extra": ["fs-extra@8.1.0", "", { "dependencies": { "graceful-fs": "^4.2.0", "jsonfile": "^4.0.0", "universalify": "^0.1.0" } }, "sha512-yhlQgA6mnOJUKOsRUFsgJdQCvkKhcz8tlZG5HBQfReYZy46OwLcY+Zia0mtdHsOo9y/hP+CxMN0TU9QxoOtG4g=="],

    "function-bind": ["function-bind@1.1.2", "", {}, "sha512-7XHNxH7qX9xG5mIwxkhumTox/MIRNcOgDrxWsMt2pAr23WHp6MrRlN7FBSFpCpr+oVO0F744iUgR82nJMfG2SA=="],

    "graceful-fs": ["graceful-fs@4.2.11", "", {}, "sha512-RbJ5/jmFcNNCcDV5o9eTnBLJ/HszWV0P73bc+Ff4nS/rJj+YaS6IGyiOL0VoBYX+l1Wrl3k63h/KrH+nhJ0XvQ=="],

    "hasown": ["hasown@2.0.4", "", { "dependencies": { "function-bind": "^1.1.2" } }, "sha512-T2UbfbBEF32wiepXIsMlTW9+dDYC6wMh/t/vYA4tuOMKqWz/n3vr1NFSxQiyP+zk2mXsoMA/i/7qV6LKut1t1A=="],

    "import-in-the-middle": ["import-in-the-middle@1.15.0", "", { "dependencies": { "acorn": "^8.14.0", "acorn-import-attributes": "^1.9.5", "cjs-module-lexer": "^1.2.2", "module-details-from-path": "^1.0.3" } }, "sha512-bpQy+CrsRmYmoPMAE/0G33iwRqwW4ouqdRg8jgbH3aKuCtOc8lxgmYXg2dMM92CRiGP660EtBcymH/eVUpCSaA=="],

    "is-core-module": ["is-core-module@2.16.2", "", { "dependencies": { "hasown": "^2.0.3" } }, "sha512-evOr8xfXKxE6qSR0hSXL2r3sd7ALj8+7jQEUvPYcm5sgZFdJ+AYzT6yNmJenvIYQBgIGwfwz08sL8zoL7yq2BA=="],

    "jsonfile": ["jsonfile@4.0.0", "", { "optionalDependencies": { "graceful-fs": "^4.1.6" } }, "sha512-m6F1R3z8jjlf2imQHS2Qez5sjKWQzbuuhuJ/FKYFRZvPE3PuHcSMVZzfsLhGVOkfd20obL5SWEBew5ShlquNxg=="],

    "log4js": ["log4js@6.9.1", "", { "dependencies": { "date-format": "^4.0.14", "debug": "^4.3.4", "flatted": "^3.2.7", "rfdc": "^1.3.0", "streamroller": "^3.1.5" } }, "sha512-1somDdy9sChrr9/f4UlzhdaGfDR2c/SaD2a4T7qEkG4jTS57/B3qmnjLYePwQ8cqWnUHZI0iAKxMBpCZICiZ2g=="],

    "module-details-from-path": ["module-details-from-path@1.0.4", "", {}, "sha512-EGWKgxALGMgzvxYF1UyGTy0HXX/2vHLkw6+NvDKW2jypWbHpjQuj4UMcqQWXHERJhVGKikolT06G3bcKe4fi7w=="],

    "ms": ["ms@2.1.3", "", {}, "sha512-6FlzubTLZG3J2a/NVCAleEhjzq5oxgHyaCU9yYXvcLsvoVaHJq/s5xXI6/XXP6tz7R9xAOtHnSO/tXtF3WRTlA=="],

    "path-parse": ["path-parse@1.0.7", "", {}, "sha512-LDJzPVEEEPR+y48z93A0Ed0yXb8pAByGWo/k5YYdYgpY2/2EsOsksJrq7lOHxryrVOn1ejG6oAp8ahvOIQD8sw=="],

    "pg-int8": ["pg-int8@1.0.1", "", {}, "sha512-WCtabS6t3c8SkpDBUlb1kjOs7l66xsGdKpIPZsg4wR+B3+u9UAum2odSsF9tnvxg80h4ZxLWMy4pRjOsFIqQpw=="],

    "pg-protocol": ["pg-protocol@1.16.0", "", {}, "sha512-sILXutLVjCLjcDuOmvhX5e2Z4cS5qG/6Bu3VkpFwdf/633ElGLpEh9bgmuI5I4sqKqkifQiGyiCcx1HdtrK7tg=="],

    "pg-types": ["pg-types@2.2.0", "", { "dependencies": { "pg-int8": "1.0.1", "postgres-array": "~2.0.0", "postgres-bytea": "~1.0.0", "postgres-date": "~1.0.4", "postgres-interval": "^1.1.0" } }, "sha512-qTAAlrEsl8s4OiEQY69wDvcMIdQN6wdz5ojQiOy6YRMuynxenON0O5oCpJI6lshc6scgAY8qvJ2On/p+CXY0GA=="],

    "postgres-array": ["postgres-array@2.0.0", "", {}, "sha512-VpZrUqU5A69eQyW2c5CA1jtLecCsN2U/bD6VilrFDWq5+5UIEVO7nazS3TEcHf1zuPYO/sqGvUvW62g86RXZuA=="],

    "postgres-bytea": ["postgres-bytea@1.0.1", "", {}, "sha512-5+5HqXnsZPE65IJZSMkZtURARZelel2oXUEO8rH83VS/hxH5vv1uHquPg5wZs8yMAfdv971IU+kcPUczi7NVBQ=="],

    "postgres-date": ["postgres-date@1.0.7", "", {}, "sha512-suDmjLVQg78nMK2UZ454hAG+OAW+HQPZ6n++TNDUX+L0+uUlLywnoxJKDou51Zm+zTCjrCl0Nq6J9C5hP9vK/Q=="],

    "postgres-interval": ["postgres-interval@1.2.0", "", { "dependencies": { "xtend": "^4.0.0" } }, "sha512-9ZhXKM/rw350N1ovuWHbGxnGh/SNJ4cnxHiM0rxE4VN41wsg8P8zWn9hv/buK00RP4WvlOyr/RBDiptyxVbkZQ=="],

    "require-in-the-middle": ["require-in-the-middle@7.5.2", "", { "dependencies": { "debug": "^4.3.5", "module-details-from-path": "^1.0.3", "resolve": "^1.22.8" } }, "sha512-gAZ+kLqBdHarXB64XpAe2VCjB7rIRv+mU8tfRWziHRJ5umKsIHN2tLLv6EtMw7WCdP19S0ERVMldNvxYCHnhSQ=="],

    "resolve": ["resolve@1.22.12", "", { "dependencies": { "es-errors": "^1.3.0", "is-core-module": "^2.16.1", "path-parse": "^1.0.7", "supports-preserve-symlinks-flag": "^1.0.0" }, "bin": { "resolve": "bin/resolve" } }, "sha512-TyeJ1zif53BPfHootBGwPRYT1RUt6oGWsaQr8UyZW/eAm9bKoijtvruSDEmZHm92CwS9nj7/fWttqPCgzep8CA=="],

    "rfdc": ["rfdc@1.4.1", "", {}, "sha512-q1b3N5QkRUWUl7iyylaaj3kOpIT0N2i9MqIEQXP73GVsN9cw3fdx8X63cEmWhJGi2PPCF23Ijp7ktmd39rawIA=="],

    "semver": ["semver@7.8.5", "", { "bin": { "semver": "bin/semver.js" } }, "sha512-Y7/KDsb8LjooZpwaqGyulO6DQlksgCncchHGk+sZIY4SBvUocMBEFH5Ur1fI4dV+Jvl0w6cjvucaIi40puRioA=="],

    "shimmer": ["shimmer@1.2.1", "", {}, "sha512-sQTKC1Re/rM6XyFM6fIAGHRPVGvyXfgzIDvzoq608vM+jeyVD0Tu1E6Np0Kc2zAIFWIj963V2800iF/9LPieQw=="],

    "streamroller": ["streamroller@3.1.5", "", { "dependencies": { "date-format": "^4.0.14", "debug": "^4.3.4", "fs-extra": "^8.1.0" } }, "sha512-KFxaM7XT+irxvdqSP1LGLgNWbYN7ay5owZ3r/8t77p+EtSUAfUgtl7be3xtqtOmGUl9K9YPO2ca8133RlTjvKw=="],

    "supports-preserve-symlinks-flag": ["supports-preserve-symlinks-flag@1.0.0", "", {}, "sha512-ot0WnXS9fgdkgIcePe6RHNk1WA8+muPa6cSjeR3V8K27q9BB1rTE3R1p7Hv0z1ZyAc8s6Vvv8DIyWf681MAt0w=="],

    "typescript": ["typescript@7.0.2", "", { "optionalDependencies": { "@typescript/typescript-aix-ppc64": "7.0.2", "@typescript/typescript-darwin-arm64": "7.0.2", "@typescript/typescript-darwin-x64": "7.0.2", "@typescript/typescript-freebsd-arm64": "7.0.2", "@typescript/typescript-freebsd-x64": "7.0.2", "@typescript/typescript-linux-arm": "7.0.2", "@typescript/typescript-linux-arm64": "7.0.2", "@typescript/typescript-linux-loong64": "7.0.2", "@typescript/typescript-linux-mips64el": "7.0.2", "@typescript/typescript-linux-ppc64": "7.0.2", "@typescript/typescript-linux-riscv64": "7.0.2", "@typescript/typescript-linux-s390x": "7.0.2", "@typescript/typescript-linux-x64": "7.0.2", "@typescript/typescript-netbsd-arm64": "7.0.2", "@typescript/typescript-netbsd-x64": "7.0.2", "@typescript/typescript-openbsd-arm64": "7.0.2", "@typescript/typescript-openbsd-x64": "7.0.2", "@typescript/typescript-sunos-x64": "7.0.2", "@typescript/typescript-win32-arm64": "7.0.2", "@typescript/typescript-win32-x64": "7.0.2" }, "bin": { "tsc": "bin/tsc" } }, "sha512-8FYau96o3NKOhbjKi/qNvG/W5jhzxkbdm5sj9AbZ/5T5sWqn3hJgLfGx27sRKZWTvyzCP8dLRBTf5tBTSRVUNA=="],

    "undici-types": ["undici-types@7.18.2", "", {}, "sha512-AsuCzffGHJybSaRrmr5eHr81mwJU3kjw6M+uprWvCXiNeN9SOGwQ3Jn8jb8m3Z6izVgknn1R0FTCEAP2QrLY/w=="],

    "universalify": ["universalify@0.1.2", "", {}, "sha512-rBJeI5CXAlmy1pV+617WB9J63U6XcazHHF2f2dbJix4XzpUF0RS3Zbj0FGIOCAva5P/d/GBOYaACQ1w+0azUkg=="],

    "xtend": ["xtend@4.0.2", "", {}, "sha512-LKYU1iAXJXUgAXn9URjiu+MWhyUXHsvfp7mcuYm9dSUKK0/CjtrUwFAxD82/mCWbtLsGjFIad0wIsod4zrTAEQ=="],

    "@opentelemetry/core/@opentelemetry/semantic-conventions": ["@opentelemetry/semantic-conventions@1.28.0", "", {}, "sha512-lp4qAiMTD4sNWW4DbKLBkfiMZ4jbAboJIGOQr5DvciMRI494OapieI9qiODpOt0XBr1LjIDy1xAGAnVs5supTA=="],

    "@opentelemetry/instrumentation-http/@opentelemetry/instrumentation": ["@opentelemetry/instrumentation@0.57.1", "", { "dependencies": { "@opentelemetry/api-logs": "0.57.1", "@types/shimmer": "^1.2.0", "import-in-the-middle": "^1.8.1", "require-in-the-middle": "^7.1.1", "semver": "^7.5.2", "shimmer": "^1.2.1" }, "peerDependencies": { "@opentelemetry/api": "^1.3.0" } }, "sha512-SgHEKXoVxOjc20ZYusPG3Fh+RLIZTSa4x8QtD3NfgAUDyqdFFS9W1F2ZVbZkqDCdyMcQG02Ok4duUGLHJXHgbA=="],

    "@opentelemetry/instrumentation-http/@opentelemetry/semantic-conventions": ["@opentelemetry/semantic-conventions@1.28.0", "", {}, "sha512-lp4qAiMTD4sNWW4DbKLBkfiMZ4jbAboJIGOQr5DvciMRI494OapieI9qiODpOt0XBr1LjIDy1xAGAnVs5supTA=="],

    "@opentelemetry/instrumentation-pg/@opentelemetry/semantic-conventions": ["@opentelemetry/semantic-conventions@1.27.0", "", {}, "sha512-sAay1RrB+ONOem0OZanAR1ZI/k7yDpnOQSQmTMuGImUQb2y8EbSaCJ94FQluM74xoU03vlb2d2U90hZluL6nQg=="],

    "@opentelemetry/resources/@opentelemetry/semantic-conventions": ["@opentelemetry/semantic-conventions@1.28.0", "", {}, "sha512-lp4qAiMTD4sNWW4DbKLBkfiMZ4jbAboJIGOQr5DvciMRI494OapieI9qiODpOt0XBr1LjIDy1xAGAnVs5supTA=="],

    "@opentelemetry/sdk-trace-base/@opentelemetry/semantic-conventions": ["@opentelemetry/semantic-conventions@1.28.0", "", {}, "sha512-lp4qAiMTD4sNWW4DbKLBkfiMZ4jbAboJIGOQr5DvciMRI494OapieI9qiODpOt0XBr1LjIDy1xAGAnVs5supTA=="],

    "@prisma/instrumentation/@opentelemetry/instrumentation": ["@opentelemetry/instrumentation@0.53.0", "", { "dependencies": { "@opentelemetry/api-logs": "0.53.0", "@types/shimmer": "^1.2.0", "import-in-the-middle": "^1.8.1", "require-in-the-middle": "^7.1.1", "semver": "^7.5.2", "shimmer": "^1.2.1" }, "peerDependencies": { "@opentelemetry/api": "^1.3.0" } }, "sha512-DMwg0hy4wzf7K73JJtl95m/e0boSoWhH07rfvHvYzQtBD3Bmv0Wc1x733vyZBqmFm8OjJD0/pfiUg1W3JjFX0A=="],

    "@opentelemetry/instrumentation-http/@opentelemetry/instrumentation/@opentelemetry/api-logs": ["@opentelemetry/api-logs@0.57.1", "", { "dependencies": { "@opentelemetry/api": "^1.3.0" } }, "sha512-I4PHczeujhQAQv6ZBzqHYEUiggZL4IdSMixtVD3EYqbdrjujE7kRfI5QohjlPoJm8BvenoW5YaTMWRrbpot6tg=="],

    "@prisma/instrumentation/@opentelemetry/instrumentation/@opentelemetry/api-logs": ["@opentelemetry/api-logs@0.53.0", "", { "dependencies": { "@opentelemetry/api": "^1.0.0" } }, "sha512-8HArjKx+RaAI8uEIgcORbZIPklyh1YLjPSBus8hjRmvLi6DeFzgOcdZ7KwPabKj8mXF8dX0hyfAyGfycz0DbFw=="],
  }
}
