{
    "name": "log4js-appender-sentry",
    "version": "0.0.1",
    "lockfileVersion": 3,
    "requires": true,
    "packages": {
        "": {
            "name": "log4js-appender-sentry",
            "version": "0.0.1",
            "license": "Apache-2.0",
            "dependencies": {
                "@sentry/node": "~7.56.0"
            },
            "devDependencies": {
                "log4js": "~6.9.0"
            }
        },
        "node_modules/@sentry-internal/tracing": {
            "version": "7.56.0",
            "resolved": "https://registry.npmjs.org/@sentry-internal/tracing/-/tracing-7.56.0.tgz",
            "integrity": "sha512-OKI4Pz/O13gng8hT9rNc+gRV3+P7nnk1HnHlV8fgaQydS6DsRxoDL1sHa42tZGbh7K9jqNAP3TC6VjBOsr2tXA==",
            "dependencies": {
                "@sentry/core": "7.56.0",
                "@sentry/types": "7.56.0",
                "@sentry/utils": "7.56.0",
                "tslib": "^1.9.3"
            },
            "engines": {
                "node": ">=8"
            }
        },
        "node_modules/@sentry/core": {
            "version": "7.56.0",
            "resolved": "https://registry.npmjs.org/@sentry/core/-/core-7.56.0.tgz",
            "integrity": "sha512-Nuyyfh09Yz27kPo74fXHlrdmZeK6zrlJVtxQ6LkwuoaTBcNcesNXVaOtr6gjvUGUmsfriVPP3Jero5LXufV7GQ==",
            "dependencies": {
                "@sentry/types": "7.56.0",
                "@sentry/utils": "7.56.0",
                "tslib": "^1.9.3"
            },
            "engines": {
                "node": ">=8"
            }
        },
        "node_modules/@sentry/node": {
            "version": "7.56.0",
            "resolved": "https://registry.npmjs.org/@sentry/node/-/node-7.56.0.tgz",
            "integrity": "sha512-QXbWy/ypRxfFd8iP6zLvHInYZyjGKPrkVNYt43mhKAZHm764NxX/29vDfj1FztgG9Z6lVLIG2eyqTvLruYmsWw==",
            "dependencies": {
                "@sentry-internal/tracing": "7.56.0",
                "@sentry/core": "7.56.0",
                "@sentry/types": "7.56.0",
                "@sentry/utils": "7.56.0",
                "cookie": "^0.4.1",
                "https-proxy-agent": "^5.0.0",
                "lru_map": "^0.3.3",
                "tslib": "^1.9.3"
            },
            "engines": {
                "node": ">=8"
            }
        },
        "node_modules/@sentry/types": {
            "version": "7.56.0",
            "resolved": "https://registry.npmjs.org/@sentry/types/-/types-7.56.0.tgz",
            "integrity": "sha512-5WjhVOQm75ItOytOx2jTx+5yw8/qJ316+g1Di8dS9+kgIi1zniqdMcX00C2yYe3FMUgFB49PegCUYulm9Evapw==",
            "engines": {
                "node": ">=8"
            }
        },
        "node_modules/@sentry/utils": {
            "version": "7.56.0",
            "resolved": "https://registry.npmjs.org/@sentry/utils/-/utils-7.56.0.tgz",
            "integrity": "sha512-wgeX7bufxc//TjjSIE+gCMm8hVId7Jzvc+f441bYrWnNZBuzPIDW2BummCcPrKzSYe5GeYZDTZGV8YZGMLGBjw==",
            "dependencies": {
                "@sentry/types": "7.56.0",
                "tslib": "^1.9.3"
            },
            "engines": {
                "node": ">=8"
            }
        },
        "node_modules/agent-base": {
            "version": "6.0.2",
            "resolved": "https://registry.npmjs.org/agent-base/-/agent-base-6.0.2.tgz",
            "integrity": "sha512-RZNwNclF7+MS/8bDg70amg32dyeZGZxiDuQmZxKLAlQjr3jGyLx+4Kkk58UO7D2QdgFIQCovuSuZESne6RG6XQ==",
            "dependencies": {
                "debug": "4"
            },
            "engines": {
                "node": ">= 6.0.0"
            }
        },
        "node_modules/cookie": {
            "version": "0.4.2",
            "resolved": "https://registry.npmjs.org/cookie/-/cookie-0.4.2.tgz",
            "integrity": "sha512-aSWTXFzaKWkvHO1Ny/s+ePFpvKsPnjc551iI41v3ny/ow6tBG5Vd+FuqGNhh1LxOmVzOlGUriIlOaokOvhaStA==",
            "engines": {
                "node": ">= 0.6"
            }
        },
        "node_modules/date-format": {
            "version": "4.0.14",
            "resolved": "https://registry.npmjs.org/date-format/-/date-format-4.0.14.tgz",
            "integrity": "sha512-39BOQLs9ZjKh0/patS9nrT8wc3ioX3/eA/zgbKNopnF2wCqJEoxywwwElATYvRsXdnOxA/OQeQoFZ3rFjVajhg==",
            "dev": true,
            "engines": {
                "node": ">=4.0"
            }
        },
        "node_modules/debug": {
            "version": "4.3.4",
            "resolved": "https://registry.npmjs.org/debug/-/debug-4.3.4.tgz",
            "integrity": "sha512-PRWFHuSU3eDtQJPvnNY7Jcket1j0t5OuOsFzPPzsekD52Zl8qUfFIPEiswXqIvHWGVHOgX+7G/vCNNhehwxfkQ==",
            "dependencies": {
                "ms": "2.1.2"
            },
            "engines": {
                "node": ">=6.0"
            },
            "peerDependenciesMeta": {
                "supports-color": {
                    "optional": true
                }
            }
        },
        "node_modules/flatted": {
            "version": "3.2.7",
            "resolved": "https://registry.npmjs.org/flatted/-/flatted-3.2.7.tgz",
            "integrity": "sha512-5nqDSxl8nn5BSNxyR3n4I6eDmbolI6WT+QqR547RwxQapgjQBmtktdP+HTBb/a/zLsbzERTONyUB5pefh5TtjQ==",
            "dev": true
        },
        "node_modules/fs-extra": {
            "version": "8.1.0",
            "resolved": "https://registry.npmjs.org/fs-extra/-/fs-extra-8.1.0.tgz",
            "integrity": "sha512-yhlQgA6mnOJUKOsRUFsgJdQCvkKhcz8tlZG5HBQfReYZy46OwLcY+Zia0mtdHsOo9y/hP+CxMN0TU9QxoOtG4g==",
            "dev": true,
            "dependencies": {
                "graceful-fs": "^4.2.0",
                "jsonfile": "^4.0.0",
                "universalify": "^0.1.0"
            },
            "engines": {
                "node": ">=6 <7 || >=8"
            }
        },
        "node_modules/graceful-fs": {
            "version": "4.2.11",
            "resolved": "https://registry.npmjs.org/graceful-fs/-/graceful-fs-4.2.11.tgz",
            "integrity": "sha512-RbJ5/jmFcNNCcDV5o9eTnBLJ/HszWV0P73bc+Ff4nS/rJj+YaS6IGyiOL0VoBYX+l1Wrl3k63h/KrH+nhJ0XvQ==",
            "dev": true
        },
        "node_modules/https-proxy-agent": {
            "version": "5.0.1",
            "resolved": "https://registry.npmjs.org/https-proxy-agent/-/https-proxy-agent-5.0.1.tgz",
            "integrity": "sha512-dFcAjpTQFgoLMzC2VwU+C/CbS7uRL0lWmxDITmqm7C+7F0Odmj6s9l6alZc6AELXhrnggM2CeWSXHGOdX2YtwA==",
            "dependencies": {
                "agent-base": "6",
                "debug": "4"
            },
            "engines": {
                "node": ">= 6"
            }
        },
        "node_modules/jsonfile": {
            "version": "4.0.0",
            "resolved": "https://registry.npmjs.org/jsonfile/-/jsonfile-4.0.0.tgz",
            "integrity": "sha512-m6F1R3z8jjlf2imQHS2Qez5sjKWQzbuuhuJ/FKYFRZvPE3PuHcSMVZzfsLhGVOkfd20obL5SWEBew5ShlquNxg==",
            "dev": true,
            "optionalDependencies": {
                "graceful-fs": "^4.1.6"
            }
        },
        "node_modules/log4js": {
            "version": "6.9.1",
            "resolved": "https://registry.npmjs.org/log4js/-/log4js-6.9.1.tgz",
            "integrity": "sha512-1somDdy9sChrr9/f4UlzhdaGfDR2c/SaD2a4T7qEkG4jTS57/B3qmnjLYePwQ8cqWnUHZI0iAKxMBpCZICiZ2g==",
            "dev": true,
            "dependencies": {
                "date-format": "^4.0.14",
                "debug": "^4.3.4",
                "flatted": "^3.2.7",
                "rfdc": "^1.3.0",
                "streamroller": "^3.1.5"
            },
            "engines": {
                "node": ">=8.0"
            }
        },
        "node_modules/lru_map": {
            "version": "0.3.3",
            "resolved": "https://registry.npmjs.org/lru_map/-/lru_map-0.3.3.tgz",
            "integrity": "sha512-Pn9cox5CsMYngeDbmChANltQl+5pi6XmTrraMSzhPmMBbmgcxmqWry0U3PGapCU1yB4/LqCcom7qhHZiF/jGfQ=="
        },
        "node_modules/ms": {
            "version": "2.1.2",
            "resolved": "https://registry.npmjs.org/ms/-/ms-2.1.2.tgz",
            "integrity": "sha512-sGkPx+VjMtmA6MX27oA4FBFELFCZZ4S4XqeGOXCv68tT+jb3vk/RyaKWP0PTKyWtmLSM0b+adUTEvbs1PEaH2w=="
        },
        "node_modules/rfdc": {
            "version": "1.3.0",
            "resolved": "https://registry.npmjs.org/rfdc/-/rfdc-1.3.0.tgz",
            "integrity": "sha512-V2hovdzFbOi77/WajaSMXk2OLm+xNIeQdMMuB7icj7bk6zi2F8GGAxigcnDFpJHbNyNcgyJDiP+8nOrY5cZGrA==",
            "dev": true
        },
        "node_modules/streamroller": {
            "version": "3.1.5",
            "resolved": "https://registry.npmjs.org/streamroller/-/streamroller-3.1.5.tgz",
            "integrity": "sha512-KFxaM7XT+irxvdqSP1LGLgNWbYN7ay5owZ3r/8t77p+EtSUAfUgtl7be3xtqtOmGUl9K9YPO2ca8133RlTjvKw==",
            "dev": true,
            "dependencies": {
                "date-format": "^4.0.14",
                "debug": "^4.3.4",
                "fs-extra": "^8.1.0"
            },
            "engines": {
                "node": ">=8.0"
            }
        },
        "node_modules/tslib": {
            "version": "1.14.1",
            "resolved": "https://registry.npmjs.org/tslib/-/tslib-1.14.1.tgz",
            "integrity": "sha512-Xni35NKzjgMrwevysHTCArtLDpPvye8zV/0E4EyYn43P7/7qvQwPh9BGkHewbMulVntbigmcT7rdX3BNo9wRJg=="
        },
        "node_modules/universalify": {
            "version": "0.1.2",
            "resolved": "https://registry.npmjs.org/universalify/-/universalify-0.1.2.tgz",
            "integrity": "sha512-rBJeI5CXAlmy1pV+617WB9J63U6XcazHHF2f2dbJix4XzpUF0RS3Zbj0FGIOCAva5P/d/GBOYaACQ1w+0azUkg==",
            "dev": true,
            "engines": {
                "node": ">= 4.0.0"
            }
        }
    }
}
