{
	"name": "log4js-appender-sentry",
	"version": "0.1.0",
	"lockfileVersion": 3,
	"requires": true,
	"packages": {
		"": {
			"name": "log4js-appender-sentry",
			"version": "0.1.0",
			"license": "Apache-2.0",
			"dependencies": {
				"@sentry/node": "~8.28.0"
			},
			"devDependencies": {
				"@types/node": "~18.18.0",
				"dprint": "^0.47.0",
				"ts-node": "~10.9.0",
				"typescript": "~5.5.0"
			},
			"engines": {
				"node": ">=18.18",
				"npm": ">=7"
			},
			"peerDependencies": {
				"log4js": ">=6"
			}
		},
		"node_modules/@cspotcode/source-map-support": {
			"version": "0.8.1",
			"resolved": "https://registry.npmjs.org/@cspotcode/source-map-support/-/source-map-support-0.8.1.tgz",
			"integrity": "sha512-IchNf6dN4tHoMFIn/7OE8LWZ19Y6q/67Bmf6vnGREv8RSbBVb9LPJxEcnwrcwX6ixSvaiGoomAUvu4YSxXrVgw==",
			"dev": true,
			"dependencies": {
				"@jridgewell/trace-mapping": "0.3.9"
			},
			"engines": {
				"node": ">=12"
			}
		},
		"node_modules/@dprint/darwin-arm64": {
			"version": "0.47.2",
			"resolved": "https://registry.npmjs.org/@dprint/darwin-arm64/-/darwin-arm64-0.47.2.tgz",
			"integrity": "sha512-mVPFBJsXxGDKHHCAY8wbqOyS4028g1bN15H9tivCnPAjwaZhkUimZHXWejXADjhGn+Xm2SlakugY9PY/68pH3Q==",
			"cpu": [
				"arm64"
			],
			"dev": true,
			"optional": true,
			"os": [
				"darwin"
			]
		},
		"node_modules/@dprint/darwin-x64": {
			"version": "0.47.2",
			"resolved": "https://registry.npmjs.org/@dprint/darwin-x64/-/darwin-x64-0.47.2.tgz",
			"integrity": "sha512-T7wzlc+rBV+6BRRiBjoqoy5Hj4TR2Nv2p2s9+ycyPGs10Kj/JXOWD8dnEHeBgUr2r4qe/ZdcxmsFQ5Hf2n0WuA==",
			"cpu": [
				"x64"
			],
			"dev": true,
			"optional": true,
			"os": [
				"darwin"
			]
		},
		"node_modules/@dprint/linux-arm64-glibc": {
			"version": "0.47.2",
			"resolved": "https://registry.npmjs.org/@dprint/linux-arm64-glibc/-/linux-arm64-glibc-0.47.2.tgz",
			"integrity": "sha512-B0m1vT5LdVtrNOVdkqpLPrSxuCD+l5bTIgRzPaDoIB1ChWQkler9IlX8C+RStpujjPj6SYvwo5vTzjQSvRdQkA==",
			"cpu": [
				"arm64"
			],
			"dev": true,
			"optional": true,
			"os": [
				"linux"
			]
		},
		"node_modules/@dprint/linux-arm64-musl": {
			"version": "0.47.2",
			"resolved": "https://registry.npmjs.org/@dprint/linux-arm64-musl/-/linux-arm64-musl-0.47.2.tgz",
			"integrity": "sha512-zID6wZZqpg2/Q2Us+ERQkbhLwlW3p3xaeEr00MPf49bpydmEjMiPuSjWPkNv+slQSIyIsVovOxF4lbNZjsdtvw==",
			"cpu": [
				"arm64"
			],
			"dev": true,
			"optional": true,
			"os": [
				"linux"
			]
		},
		"node_modules/@dprint/linux-x64-glibc": {
			"version": "0.47.2",
			"resolved": "https://registry.npmjs.org/@dprint/linux-x64-glibc/-/linux-x64-glibc-0.47.2.tgz",
			"integrity": "sha512-rB3WXMdINnRd33DItIp7mObS7dzHW90ZzeJSsoKJLPp+Z7wXjjb27UUowfqVI4baa/1pd7sdbX54DPohMtfu/A==",
			"cpu": [
				"x64"
			],
			"dev": true,
			"optional": true,
			"os": [
				"linux"
			]
		},
		"node_modules/@dprint/linux-x64-musl": {
			"version": "0.47.2",
			"resolved": "https://registry.npmjs.org/@dprint/linux-x64-musl/-/linux-x64-musl-0.47.2.tgz",
			"integrity": "sha512-E0+TNbzYdTXJ/jCVjUctVxkda/faw++aDQLfyWGcmdMJnbM7NZz+W4fUpDXzMPsjy+zTWxXcPK7/q2DZz2gnbg==",
			"cpu": [
				"x64"
			],
			"dev": true,
			"optional": true,
			"os": [
				"linux"
			]
		},
		"node_modules/@dprint/win32-arm64": {
			"version": "0.47.2",
			"resolved": "https://registry.npmjs.org/@dprint/win32-arm64/-/win32-arm64-0.47.2.tgz",
			"integrity": "sha512-K1EieTCFjfOCmyIhw9zFSduE6qVCNHEveupqZEfbSkVGw5T9MJQ1I9+n7MDb3RIDYEUk0enJ58/w82q8oDKCyA==",
			"cpu": [
				"arm64"
			],
			"dev": true,
			"optional": true,
			"os": [
				"win32"
			]
		},
		"node_modules/@dprint/win32-x64": {
			"version": "0.47.2",
			"resolved": "https://registry.npmjs.org/@dprint/win32-x64/-/win32-x64-0.47.2.tgz",
			"integrity": "sha512-LhizWr8VrhHvq4ump8HwOERyFmdLiE8C6A42QSntGXzKdaa2nEOq20x/o56ZIiDcesiV+1TmosMKimPcOZHa+Q==",
			"cpu": [
				"x64"
			],
			"dev": true,
			"optional": true,
			"os": [
				"win32"
			]
		},
		"node_modules/@jridgewell/resolve-uri": {
			"version": "3.1.2",
			"resolved": "https://registry.npmjs.org/@jridgewell/resolve-uri/-/resolve-uri-3.1.2.tgz",
			"integrity": "sha512-bRISgCIjP20/tbWSPWMEi54QVPRZExkuD9lJL+UIxUKtwVJA8wW1Trb1jMs1RFXo1CBTNZ/5hpC9QvmKWdopKw==",
			"dev": true,
			"engines": {
				"node": ">=6.0.0"
			}
		},
		"node_modules/@jridgewell/sourcemap-codec": {
			"version": "1.4.15",
			"resolved": "https://registry.npmjs.org/@jridgewell/sourcemap-codec/-/sourcemap-codec-1.4.15.tgz",
			"integrity": "sha512-eF2rxCRulEKXHTRiDrDy6erMYWqNw4LPdQ8UQA4huuxaQsVeRPFl2oM8oDGxMFhJUWZf9McpLtJasDDZb/Bpeg==",
			"dev": true
		},
		"node_modules/@jridgewell/trace-mapping": {
			"version": "0.3.9",
			"resolved": "https://registry.npmjs.org/@jridgewell/trace-mapping/-/trace-mapping-0.3.9.tgz",
			"integrity": "sha512-3Belt6tdc8bPgAtbcmdtNJlirVoTmEb5e2gC94PnkwEW9jI6CAHUeoG85tjWP5WquqfavoMtMwiG4P926ZKKuQ==",
			"dev": true,
			"dependencies": {
				"@jridgewell/resolve-uri": "^3.0.3",
				"@jridgewell/sourcemap-codec": "^1.4.10"
			}
		},
		"node_modules/@opentelemetry/api": {
			"version": "1.9.0",
			"resolved": "https://registry.npmjs.org/@opentelemetry/api/-/api-1.9.0.tgz",
			"integrity": "sha512-3giAOQvZiH5F9bMlMiv8+GSPMeqg0dbaeo58/0SlA9sxSqZhnUtxzX9/2FzyhS9sWQf5S0GJE0AKBrFqjpeYcg==",
			"engines": {
				"node": ">=8.0.0"
			}
		},
		"node_modules/@opentelemetry/api-logs": {
			"version": "0.52.1",
			"resolved": "https://registry.npmjs.org/@opentelemetry/api-logs/-/api-logs-0.52.1.tgz",
			"integrity": "sha512-qnSqB2DQ9TPP96dl8cDubDvrUyWc0/sK81xHTK8eSUspzDM3bsewX903qclQFvVhgStjRWdC5bLb3kQqMkfV5A==",
			"dependencies": {
				"@opentelemetry/api": "^1.0.0"
			},
			"engines": {
				"node": ">=14"
			}
		},
		"node_modules/@opentelemetry/context-async-hooks": {
			"version": "1.26.0",
			"resolved": "https://registry.npmjs.org/@opentelemetry/context-async-hooks/-/context-async-hooks-1.26.0.tgz",
			"integrity": "sha512-HedpXXYzzbaoutw6DFLWLDket2FwLkLpil4hGCZ1xYEIMTcivdfwEOISgdbLEWyG3HW52gTq2V9mOVJrONgiwg==",
			"engines": {
				"node": ">=14"
			},
			"peerDependencies": {
				"@opentelemetry/api": ">=1.0.0 <1.10.0"
			}
		},
		"node_modules/@opentelemetry/core": {
			"version": "1.26.0",
			"resolved": "https://registry.npmjs.org/@opentelemetry/core/-/core-1.26.0.tgz",
			"integrity": "sha512-1iKxXXE8415Cdv0yjG3G6hQnB5eVEsJce3QaawX8SjDn0mAS0ZM8fAbZZJD4ajvhC15cePvosSCut404KrIIvQ==",
			"dependencies": {
				"@opentelemetry/semantic-conventions": "1.27.0"
			},
			"engines": {
				"node": ">=14"
			},
			"peerDependencies": {
				"@opentelemetry/api": ">=1.0.0 <1.10.0"
			}
		},
		"node_modules/@opentelemetry/instrumentation": {
			"version": "0.52.1",
			"resolved": "https://registry.npmjs.org/@opentelemetry/instrumentation/-/instrumentation-0.52.1.tgz",
			"integrity": "sha512-uXJbYU/5/MBHjMp1FqrILLRuiJCs3Ofk0MeRDk8g1S1gD47U8X3JnSwcMO1rtRo1x1a7zKaQHaoYu49p/4eSKw==",
			"dependencies": {
				"@opentelemetry/api-logs": "0.52.1",
				"@types/shimmer": "^1.0.2",
				"import-in-the-middle": "^1.8.1",
				"require-in-the-middle": "^7.1.1",
				"semver": "^7.5.2",
				"shimmer": "^1.2.1"
			},
			"engines": {
				"node": ">=14"
			},
			"peerDependencies": {
				"@opentelemetry/api": "^1.3.0"
			}
		},
		"node_modules/@opentelemetry/instrumentation-connect": {
			"version": "0.38.0",
			"resolved": "https://registry.npmjs.org/@opentelemetry/instrumentation-connect/-/instrumentation-connect-0.38.0.tgz",
			"integrity": "sha512-2/nRnx3pjYEmdPIaBwtgtSviTKHWnDZN3R+TkRUnhIVrvBKVcq+I5B2rtd6mr6Fe9cHlZ9Ojcuh7pkNh/xdWWg==",
			"dependencies": {
				"@opentelemetry/core": "^1.8.0",
				"@opentelemetry/instrumentation": "^0.52.0",
				"@opentelemetry/semantic-conventions": "^1.22.0",
				"@types/connect": "3.4.36"
			},
			"engines": {
				"node": ">=14"
			},
			"peerDependencies": {
				"@opentelemetry/api": "^1.3.0"
			}
		},
		"node_modules/@opentelemetry/instrumentation-express": {
			"version": "0.41.1",
			"resolved": "https://registry.npmjs.org/@opentelemetry/instrumentation-express/-/instrumentation-express-0.41.1.tgz",
			"integrity": "sha512-uRx0V3LPGzjn2bxAnV8eUsDT82vT7NTwI0ezEuPMBOTOsnPpGhWdhcdNdhH80sM4TrWrOfXm9HGEdfWE3TRIww==",
			"dependencies": {
				"@opentelemetry/core": "^1.8.0",
				"@opentelemetry/instrumentation": "^0.52.0",
				"@opentelemetry/semantic-conventions": "^1.22.0"
			},
			"engines": {
				"node": ">=14"
			},
			"peerDependencies": {
				"@opentelemetry/api": "^1.3.0"
			}
		},
		"node_modules/@opentelemetry/instrumentation-fastify": {
			"version": "0.38.0",
			"resolved": "https://registry.npmjs.org/@opentelemetry/instrumentation-fastify/-/instrumentation-fastify-0.38.0.tgz",
			"integrity": "sha512-HBVLpTSYpkQZ87/Df3N0gAw7VzYZV3n28THIBrJWfuqw3Or7UqdhnjeuMIPQ04BKk3aZc0cWn2naSQObbh5vXw==",
			"dependencies": {
				"@opentelemetry/core": "^1.8.0",
				"@opentelemetry/instrumentation": "^0.52.0",
				"@opentelemetry/semantic-conventions": "^1.22.0"
			},
			"engines": {
				"node": ">=14"
			},
			"peerDependencies": {
				"@opentelemetry/api": "^1.3.0"
			}
		},
		"node_modules/@opentelemetry/instrumentation-fs": {
			"version": "0.14.0",
			"resolved": "https://registry.npmjs.org/@opentelemetry/instrumentation-fs/-/instrumentation-fs-0.14.0.tgz",
			"integrity": "sha512-pVc8P5AgliC1DphyyBUgsxXlm2XaPH4BpYvt7rAZDMIqUpRk8gs19SioABtKqqxvFzg5jPtgJfJsdxq0Y+maLw==",
			"dependencies": {
				"@opentelemetry/core": "^1.8.0",
				"@opentelemetry/instrumentation": "^0.52.0"
			},
			"engines": {
				"node": ">=14"
			},
			"peerDependencies": {
				"@opentelemetry/api": "^1.3.0"
			}
		},
		"node_modules/@opentelemetry/instrumentation-graphql": {
			"version": "0.42.0",
			"resolved": "https://registry.npmjs.org/@opentelemetry/instrumentation-graphql/-/instrumentation-graphql-0.42.0.tgz",
			"integrity": "sha512-N8SOwoKL9KQSX7z3gOaw5UaTeVQcfDO1c21csVHnmnmGUoqsXbArK2B8VuwPWcv6/BC/i3io+xTo7QGRZ/z28Q==",
			"dependencies": {
				"@opentelemetry/instrumentation": "^0.52.0"
			},
			"engines": {
				"node": ">=14"
			},
			"peerDependencies": {
				"@opentelemetry/api": "^1.3.0"
			}
		},
		"node_modules/@opentelemetry/instrumentation-hapi": {
			"version": "0.40.0",
			"resolved": "https://registry.npmjs.org/@opentelemetry/instrumentation-hapi/-/instrumentation-hapi-0.40.0.tgz",
			"integrity": "sha512-8U/w7Ifumtd2bSN1OLaSwAAFhb9FyqWUki3lMMB0ds+1+HdSxYBe9aspEJEgvxAqOkrQnVniAPTEGf1pGM7SOw==",
			"dependencies": {
				"@opentelemetry/core": "^1.8.0",
				"@opentelemetry/instrumentation": "^0.52.0",
				"@opentelemetry/semantic-conventions": "^1.22.0"
			},
			"engines": {
				"node": ">=14"
			},
			"peerDependencies": {
				"@opentelemetry/api": "^1.3.0"
			}
		},
		"node_modules/@opentelemetry/instrumentation-http": {
			"version": "0.52.1",
			"resolved": "https://registry.npmjs.org/@opentelemetry/instrumentation-http/-/instrumentation-http-0.52.1.tgz",
			"integrity": "sha512-dG/aevWhaP+7OLv4BQQSEKMJv8GyeOp3Wxl31NHqE8xo9/fYMfEljiZphUHIfyg4gnZ9swMyWjfOQs5GUQe54Q==",
			"dependencies": {
				"@opentelemetry/core": "1.25.1",
				"@opentelemetry/instrumentation": "0.52.1",
				"@opentelemetry/semantic-conventions": "1.25.1",
				"semver": "^7.5.2"
			},
			"engines": {
				"node": ">=14"
			},
			"peerDependencies": {
				"@opentelemetry/api": "^1.3.0"
			}
		},
		"node_modules/@opentelemetry/instrumentation-http/node_modules/@opentelemetry/core": {
			"version": "1.25.1",
			"resolved": "https://registry.npmjs.org/@opentelemetry/core/-/core-1.25.1.tgz",
			"integrity": "sha512-GeT/l6rBYWVQ4XArluLVB6WWQ8flHbdb6r2FCHC3smtdOAbrJBIv35tpV/yp9bmYUJf+xmZpu9DRTIeJVhFbEQ==",
			"dependencies": {
				"@opentelemetry/semantic-conventions": "1.25.1"
			},
			"engines": {
				"node": ">=14"
			},
			"peerDependencies": {
				"@opentelemetry/api": ">=1.0.0 <1.10.0"
			}
		},
		"node_modules/@opentelemetry/instrumentation-http/node_modules/@opentelemetry/semantic-conventions": {
			"version": "1.25.1",
			"resolved": "https://registry.npmjs.org/@opentelemetry/semantic-conventions/-/semantic-conventions-1.25.1.tgz",
			"integrity": "sha512-ZDjMJJQRlyk8A1KZFCc+bCbsyrn1wTwdNt56F7twdfUfnHUZUq77/WfONCj8p72NZOyP7pNTdUWSTYC3GTbuuQ==",
			"engines": {
				"node": ">=14"
			}
		},
		"node_modules/@opentelemetry/instrumentation-ioredis": {
			"version": "0.42.0",
			"resolved": "https://registry.npmjs.org/@opentelemetry/instrumentation-ioredis/-/instrumentation-ioredis-0.42.0.tgz",
			"integrity": "sha512-P11H168EKvBB9TUSasNDOGJCSkpT44XgoM6d3gRIWAa9ghLpYhl0uRkS8//MqPzcJVHr3h3RmfXIpiYLjyIZTw==",
			"dependencies": {
				"@opentelemetry/instrumentation": "^0.52.0",
				"@opentelemetry/redis-common": "^0.36.2",
				"@opentelemetry/semantic-conventions": "^1.23.0"
			},
			"engines": {
				"node": ">=14"
			},
			"peerDependencies": {
				"@opentelemetry/api": "^1.3.0"
			}
		},
		"node_modules/@opentelemetry/instrumentation-koa": {
			"version": "0.42.0",
			"resolved": "https://registry.npmjs.org/@opentelemetry/instrumentation-koa/-/instrumentation-koa-0.42.0.tgz",
			"integrity": "sha512-H1BEmnMhho8o8HuNRq5zEI4+SIHDIglNB7BPKohZyWG4fWNuR7yM4GTlR01Syq21vODAS7z5omblScJD/eZdKw==",
			"dependencies": {
				"@opentelemetry/core": "^1.8.0",
				"@opentelemetry/instrumentation": "^0.52.0",
				"@opentelemetry/semantic-conventions": "^1.22.0"
			},
			"engines": {
				"node": ">=14"
			},
			"peerDependencies": {
				"@opentelemetry/api": "^1.3.0"
			}
		},
		"node_modules/@opentelemetry/instrumentation-mongodb": {
			"version": "0.46.0",
			"resolved": "https://registry.npmjs.org/@opentelemetry/instrumentation-mongodb/-/instrumentation-mongodb-0.46.0.tgz",
			"integrity": "sha512-VF/MicZ5UOBiXrqBslzwxhN7TVqzu1/LN/QDpkskqM0Zm0aZ4CVRbUygL8d7lrjLn15x5kGIe8VsSphMfPJzlA==",
			"dependencies": {
				"@opentelemetry/instrumentation": "^0.52.0",
				"@opentelemetry/sdk-metrics": "^1.9.1",
				"@opentelemetry/semantic-conventions": "^1.22.0"
			},
			"engines": {
				"node": ">=14"
			},
			"peerDependencies": {
				"@opentelemetry/api": "^1.3.0"
			}
		},
		"node_modules/@opentelemetry/instrumentation-mongoose": {
			"version": "0.40.0",
			"resolved": "https://registry.npmjs.org/@opentelemetry/instrumentation-mongoose/-/instrumentation-mongoose-0.40.0.tgz",
			"integrity": "sha512-niRi5ZUnkgzRhIGMOozTyoZIvJKNJyhijQI4nF4iFSb+FUx2v5fngfR+8XLmdQAO7xmsD8E5vEGdDVYVtKbZew==",
			"dependencies": {
				"@opentelemetry/core": "^1.8.0",
				"@opentelemetry/instrumentation": "^0.52.0",
				"@opentelemetry/semantic-conventions": "^1.22.0"
			},
			"engines": {
				"node": ">=14"
			},
			"peerDependencies": {
				"@opentelemetry/api": "^1.3.0"
			}
		},
		"node_modules/@opentelemetry/instrumentation-mysql": {
			"version": "0.40.0",
			"resolved": "https://registry.npmjs.org/@opentelemetry/instrumentation-mysql/-/instrumentation-mysql-0.40.0.tgz",
			"integrity": "sha512-d7ja8yizsOCNMYIJt5PH/fKZXjb/mS48zLROO4BzZTtDfhNCl2UM/9VIomP2qkGIFVouSJrGr/T00EzY7bPtKA==",
			"dependencies": {
				"@opentelemetry/instrumentation": "^0.52.0",
				"@opentelemetry/semantic-conventions": "^1.22.0",
				"@types/mysql": "2.15.22"
			},
			"engines": {
				"node": ">=14"
			},
			"peerDependencies": {
				"@opentelemetry/api": "^1.3.0"
			}
		},
		"node_modules/@opentelemetry/instrumentation-mysql2": {
			"version": "0.40.0",
			"resolved": "https://registry.npmjs.org/@opentelemetry/instrumentation-mysql2/-/instrumentation-mysql2-0.40.0.tgz",
			"integrity": "sha512-0xfS1xcqUmY7WE1uWjlmI67Xg3QsSUlNT+AcXHeA4BDUPwZtWqF4ezIwLgpVZfHOnkAEheqGfNSWd1PIu3Wnfg==",
			"dependencies": {
				"@opentelemetry/instrumentation": "^0.52.0",
				"@opentelemetry/semantic-conventions": "^1.22.0",
				"@opentelemetry/sql-common": "^0.40.1"
			},
			"engines": {
				"node": ">=14"
			},
			"peerDependencies": {
				"@opentelemetry/api": "^1.3.0"
			}
		},
		"node_modules/@opentelemetry/instrumentation-nestjs-core": {
			"version": "0.39.0",
			"resolved": "https://registry.npmjs.org/@opentelemetry/instrumentation-nestjs-core/-/instrumentation-nestjs-core-0.39.0.tgz",
			"integrity": "sha512-mewVhEXdikyvIZoMIUry8eb8l3HUjuQjSjVbmLVTt4NQi35tkpnHQrG9bTRBrl3403LoWZ2njMPJyg4l6HfKvA==",
			"dependencies": {
				"@opentelemetry/instrumentation": "^0.52.0",
				"@opentelemetry/semantic-conventions": "^1.23.0"
			},
			"engines": {
				"node": ">=14"
			},
			"peerDependencies": {
				"@opentelemetry/api": "^1.3.0"
			}
		},
		"node_modules/@opentelemetry/instrumentation-pg": {
			"version": "0.43.0",
			"resolved": "https://registry.npmjs.org/@opentelemetry/instrumentation-pg/-/instrumentation-pg-0.43.0.tgz",
			"integrity": "sha512-og23KLyoxdnAeFs1UWqzSonuCkePUzCX30keSYigIzJe/6WSYA8rnEI5lobcxPEzg+GcU06J7jzokuEHbjVJNw==",
			"dependencies": {
				"@opentelemetry/instrumentation": "^0.52.0",
				"@opentelemetry/semantic-conventions": "^1.22.0",
				"@opentelemetry/sql-common": "^0.40.1",
				"@types/pg": "8.6.1",
				"@types/pg-pool": "2.0.4"
			},
			"engines": {
				"node": ">=14"
			},
			"peerDependencies": {
				"@opentelemetry/api": "^1.3.0"
			}
		},
		"node_modules/@opentelemetry/instrumentation-redis-4": {
			"version": "0.41.0",
			"resolved": "https://registry.npmjs.org/@opentelemetry/instrumentation-redis-4/-/instrumentation-redis-4-0.41.0.tgz",
			"integrity": "sha512-H7IfGTqW2reLXqput4yzAe8YpDC0fmVNal95GHMLOrS89W+qWUKIqxolSh63hJyfmwPSFwXASzj7wpSk8Az+Dg==",
			"dependencies": {
				"@opentelemetry/instrumentation": "^0.52.0",
				"@opentelemetry/redis-common": "^0.36.2",
				"@opentelemetry/semantic-conventions": "^1.22.0"
			},
			"engines": {
				"node": ">=14"
			},
			"peerDependencies": {
				"@opentelemetry/api": "^1.3.0"
			}
		},
		"node_modules/@opentelemetry/redis-common": {
			"version": "0.36.2",
			"resolved": "https://registry.npmjs.org/@opentelemetry/redis-common/-/redis-common-0.36.2.tgz",
			"integrity": "sha512-faYX1N0gpLhej/6nyp6bgRjzAKXn5GOEMYY7YhciSfCoITAktLUtQ36d24QEWNA1/WA1y6qQunCe0OhHRkVl9g==",
			"engines": {
				"node": ">=14"
			}
		},
		"node_modules/@opentelemetry/resources": {
			"version": "1.26.0",
			"resolved": "https://registry.npmjs.org/@opentelemetry/resources/-/resources-1.26.0.tgz",
			"integrity": "sha512-CPNYchBE7MBecCSVy0HKpUISEeJOniWqcHaAHpmasZ3j9o6V3AyBzhRc90jdmemq0HOxDr6ylhUbDhBqqPpeNw==",
			"dependencies": {
				"@opentelemetry/core": "1.26.0",
				"@opentelemetry/semantic-conventions": "1.27.0"
			},
			"engines": {
				"node": ">=14"
			},
			"peerDependencies": {
				"@opentelemetry/api": ">=1.0.0 <1.10.0"
			}
		},
		"node_modules/@opentelemetry/sdk-metrics": {
			"version": "1.26.0",
			"resolved": "https://registry.npmjs.org/@opentelemetry/sdk-metrics/-/sdk-metrics-1.26.0.tgz",
			"integrity": "sha512-0SvDXmou/JjzSDOjUmetAAvcKQW6ZrvosU0rkbDGpXvvZN+pQF6JbK/Kd4hNdK4q/22yeruqvukXEJyySTzyTQ==",
			"dependencies": {
				"@opentelemetry/core": "1.26.0",
				"@opentelemetry/resources": "1.26.0"
			},
			"engines": {
				"node": ">=14"
			},
			"peerDependencies": {
				"@opentelemetry/api": ">=1.3.0 <1.10.0"
			}
		},
		"node_modules/@opentelemetry/sdk-trace-base": {
			"version": "1.26.0",
			"resolved": "https://registry.npmjs.org/@opentelemetry/sdk-trace-base/-/sdk-trace-base-1.26.0.tgz",
			"integrity": "sha512-olWQldtvbK4v22ymrKLbIcBi9L2SpMO84sCPY54IVsJhP9fRsxJT194C/AVaAuJzLE30EdhhM1VmvVYR7az+cw==",
			"dependencies": {
				"@opentelemetry/core": "1.26.0",
				"@opentelemetry/resources": "1.26.0",
				"@opentelemetry/semantic-conventions": "1.27.0"
			},
			"engines": {
				"node": ">=14"
			},
			"peerDependencies": {
				"@opentelemetry/api": ">=1.0.0 <1.10.0"
			}
		},
		"node_modules/@opentelemetry/semantic-conventions": {
			"version": "1.27.0",
			"resolved": "https://registry.npmjs.org/@opentelemetry/semantic-conventions/-/semantic-conventions-1.27.0.tgz",
			"integrity": "sha512-sAay1RrB+ONOem0OZanAR1ZI/k7yDpnOQSQmTMuGImUQb2y8EbSaCJ94FQluM74xoU03vlb2d2U90hZluL6nQg==",
			"engines": {
				"node": ">=14"
			}
		},
		"node_modules/@opentelemetry/sql-common": {
			"version": "0.40.1",
			"resolved": "https://registry.npmjs.org/@opentelemetry/sql-common/-/sql-common-0.40.1.tgz",
			"integrity": "sha512-nSDlnHSqzC3pXn/wZEZVLuAuJ1MYMXPBwtv2qAbCa3847SaHItdE7SzUq/Jtb0KZmh1zfAbNi3AAMjztTT4Ugg==",
			"dependencies": {
				"@opentelemetry/core": "^1.1.0"
			},
			"engines": {
				"node": ">=14"
			},
			"peerDependencies": {
				"@opentelemetry/api": "^1.1.0"
			}
		},
		"node_modules/@prisma/instrumentation": {
			"version": "5.18.0",
			"resolved": "https://registry.npmjs.org/@prisma/instrumentation/-/instrumentation-5.18.0.tgz",
			"integrity": "sha512-r074avGkpPXItk+josQPhufZEmGhUCb16PQx4ITPS40vWTpTPET4VsgCBZB2alIN6SS7pRFod2vz2M2HHEEylQ==",
			"dependencies": {
				"@opentelemetry/api": "^1.8",
				"@opentelemetry/instrumentation": "^0.49 || ^0.50 || ^0.51 || ^0.52.0",
				"@opentelemetry/sdk-trace-base": "^1.22"
			}
		},
		"node_modules/@sentry/core": {
			"version": "8.28.0",
			"resolved": "https://registry.npmjs.org/@sentry/core/-/core-8.28.0.tgz",
			"integrity": "sha512-+If9uubvpZpvaQQw4HLiKPhrSS9/KcoA/AcdQkNm+5CVwAoOmDPtyYfkPBgfo2hLZnZQqR1bwkz/PrNoOm+gqA==",
			"dependencies": {
				"@sentry/types": "8.28.0",
				"@sentry/utils": "8.28.0"
			},
			"engines": {
				"node": ">=14.18"
			}
		},
		"node_modules/@sentry/node": {
			"version": "8.28.0",
			"resolved": "https://registry.npmjs.org/@sentry/node/-/node-8.28.0.tgz",
			"integrity": "sha512-444hx0S7EAYDdq3g2U37qHFC/WFErgf8ZvXqhWfoCI4RweHHntdFbz3azexYnO61iUsmSAnFAX6htJtAG2zNdA==",
			"dependencies": {
				"@opentelemetry/api": "^1.9.0",
				"@opentelemetry/context-async-hooks": "^1.25.1",
				"@opentelemetry/core": "^1.25.1",
				"@opentelemetry/instrumentation": "^0.52.1",
				"@opentelemetry/instrumentation-connect": "0.38.0",
				"@opentelemetry/instrumentation-express": "0.41.1",
				"@opentelemetry/instrumentation-fastify": "0.38.0",
				"@opentelemetry/instrumentation-fs": "0.14.0",
				"@opentelemetry/instrumentation-graphql": "0.42.0",
				"@opentelemetry/instrumentation-hapi": "0.40.0",
				"@opentelemetry/instrumentation-http": "0.52.1",
				"@opentelemetry/instrumentation-ioredis": "0.42.0",
				"@opentelemetry/instrumentation-koa": "0.42.0",
				"@opentelemetry/instrumentation-mongodb": "0.46.0",
				"@opentelemetry/instrumentation-mongoose": "0.40.0",
				"@opentelemetry/instrumentation-mysql": "0.40.0",
				"@opentelemetry/instrumentation-mysql2": "0.40.0",
				"@opentelemetry/instrumentation-nestjs-core": "0.39.0",
				"@opentelemetry/instrumentation-pg": "0.43.0",
				"@opentelemetry/instrumentation-redis-4": "0.41.0",
				"@opentelemetry/resources": "^1.25.1",
				"@opentelemetry/sdk-trace-base": "^1.25.1",
				"@opentelemetry/semantic-conventions": "^1.25.1",
				"@prisma/instrumentation": "5.18.0",
				"@sentry/core": "8.28.0",
				"@sentry/opentelemetry": "8.28.0",
				"@sentry/types": "8.28.0",
				"@sentry/utils": "8.28.0",
				"import-in-the-middle": "^1.11.0"
			},
			"engines": {
				"node": ">=14.18"
			},
			"optionalDependencies": {
				"opentelemetry-instrumentation-fetch-node": "1.2.3"
			}
		},
		"node_modules/@sentry/opentelemetry": {
			"version": "8.28.0",
			"resolved": "https://registry.npmjs.org/@sentry/opentelemetry/-/opentelemetry-8.28.0.tgz",
			"integrity": "sha512-xClK/fa2Y9AMoaV6f7sWfoHAz56actn2RN3UuYAfxlgmNEfZEa0tc78x4XygCT+2b83QbUb+qf1q4+1ft+HEsQ==",
			"dependencies": {
				"@sentry/core": "8.28.0",
				"@sentry/types": "8.28.0",
				"@sentry/utils": "8.28.0"
			},
			"engines": {
				"node": ">=14.18"
			},
			"peerDependencies": {
				"@opentelemetry/api": "^1.9.0",
				"@opentelemetry/core": "^1.25.1",
				"@opentelemetry/instrumentation": "^0.52.1",
				"@opentelemetry/sdk-trace-base": "^1.25.1",
				"@opentelemetry/semantic-conventions": "^1.25.1"
			}
		},
		"node_modules/@sentry/types": {
			"version": "8.28.0",
			"resolved": "https://registry.npmjs.org/@sentry/types/-/types-8.28.0.tgz",
			"integrity": "sha512-hOfqfd92/AzBrEdMgmmV1VfOXJbIfleFTnerRl0mg/+CcNgP/6+Fdonp354TD56ouWNF2WkOM6sEKSXMWp6SEQ==",
			"engines": {
				"node": ">=14.18"
			}
		},
		"node_modules/@sentry/utils": {
			"version": "8.28.0",
			"resolved": "https://registry.npmjs.org/@sentry/utils/-/utils-8.28.0.tgz",
			"integrity": "sha512-smhk7PJpvDMQ2DB5p2qn9UeoUHdU41IgjMmS2xklZpa8tjzBTxDeWpGvrX2fuH67D9bAJuLC/XyZjJCHLoEW5g==",
			"dependencies": {
				"@sentry/types": "8.28.0"
			},
			"engines": {
				"node": ">=14.18"
			}
		},
		"node_modules/@tsconfig/node10": {
			"version": "1.0.9",
			"resolved": "https://registry.npmjs.org/@tsconfig/node10/-/node10-1.0.9.tgz",
			"integrity": "sha512-jNsYVVxU8v5g43Erja32laIDHXeoNvFEpX33OK4d6hljo3jDhCBDhx5dhCCTMWUojscpAagGiRkBKxpdl9fxqA==",
			"dev": true
		},
		"node_modules/@tsconfig/node12": {
			"version": "1.0.11",
			"resolved": "https://registry.npmjs.org/@tsconfig/node12/-/node12-1.0.11.tgz",
			"integrity": "sha512-cqefuRsh12pWyGsIoBKJA9luFu3mRxCA+ORZvA4ktLSzIuCUtWVxGIuXigEwO5/ywWFMZ2QEGKWvkZG1zDMTag==",
			"dev": true
		},
		"node_modules/@tsconfig/node14": {
			"version": "1.0.3",
			"resolved": "https://registry.npmjs.org/@tsconfig/node14/-/node14-1.0.3.tgz",
			"integrity": "sha512-ysT8mhdixWK6Hw3i1V2AeRqZ5WfXg1G43mqoYlM2nc6388Fq5jcXyr5mRsqViLx/GJYdoL0bfXD8nmF+Zn/Iow==",
			"dev": true
		},
		"node_modules/@tsconfig/node16": {
			"version": "1.0.4",
			"resolved": "https://registry.npmjs.org/@tsconfig/node16/-/node16-1.0.4.tgz",
			"integrity": "sha512-vxhUy4J8lyeyinH7Azl1pdd43GJhZH/tP2weN8TntQblOY+A0XbT8DJk1/oCPuOOyg/Ja757rG0CgHcWC8OfMA==",
			"dev": true
		},
		"node_modules/@types/connect": {
			"version": "3.4.36",
			"resolved": "https://registry.npmjs.org/@types/connect/-/connect-3.4.36.tgz",
			"integrity": "sha512-P63Zd/JUGq+PdrM1lv0Wv5SBYeA2+CORvbrXbngriYY0jzLUWfQMQQxOhjONEz/wlHOAxOdY7CY65rgQdTjq2w==",
			"dependencies": {
				"@types/node": "*"
			}
		},
		"node_modules/@types/mysql": {
			"version": "2.15.22",
			"resolved": "https://registry.npmjs.org/@types/mysql/-/mysql-2.15.22.tgz",
			"integrity": "sha512-wK1pzsJVVAjYCSZWQoWHziQZbNggXFDUEIGf54g4ZM/ERuP86uGdWeKZWMYlqTPMZfHJJvLPyogXGvCOg87yLQ==",
			"dependencies": {
				"@types/node": "*"
			}
		},
		"node_modules/@types/node": {
			"version": "18.18.14",
			"resolved": "https://registry.npmjs.org/@types/node/-/node-18.18.14.tgz",
			"integrity": "sha512-iSOeNeXYNYNLLOMDSVPvIFojclvMZ/HDY2dU17kUlcsOsSQETbWIslJbYLZgA+ox8g2XQwSHKTkght1a5X26lQ==",
			"dependencies": {
				"undici-types": "~5.26.4"
			}
		},
		"node_modules/@types/pg": {
			"version": "8.6.1",
			"resolved": "https://registry.npmjs.org/@types/pg/-/pg-8.6.1.tgz",
			"integrity": "sha512-1Kc4oAGzAl7uqUStZCDvaLFqZrW9qWSjXOmBfdgyBP5La7Us6Mg4GBvRlSoaZMhQF/zSj1C8CtKMBkoiT8eL8w==",
			"dependencies": {
				"@types/node": "*",
				"pg-protocol": "*",
				"pg-types": "^2.2.0"
			}
		},
		"node_modules/@types/pg-pool": {
			"version": "2.0.4",
			"resolved": "https://registry.npmjs.org/@types/pg-pool/-/pg-pool-2.0.4.tgz",
			"integrity": "sha512-qZAvkv1K3QbmHHFYSNRYPkRjOWRLBYrL4B9c+wG0GSVGBw0NtJwPcgx/DSddeDJvRGMHCEQ4VMEVfuJ/0gZ3XQ==",
			"dependencies": {
				"@types/pg": "*"
			}
		},
		"node_modules/@types/shimmer": {
			"version": "1.2.0",
			"resolved": "https://registry.npmjs.org/@types/shimmer/-/shimmer-1.2.0.tgz",
			"integrity": "sha512-UE7oxhQLLd9gub6JKIAhDq06T0F6FnztwMNRvYgjeQSBeMc1ZG/tA47EwfduvkuQS8apbkM/lpLpWsaCeYsXVg=="
		},
		"node_modules/acorn": {
			"version": "8.11.3",
			"resolved": "https://registry.npmjs.org/acorn/-/acorn-8.11.3.tgz",
			"integrity": "sha512-Y9rRfJG5jcKOE0CLisYbojUjIrIEE7AGMzA/Sm4BslANhbS+cDMpgBdcPT91oJ7OuJ9hYJBx59RjbhxVnrF8Xg==",
			"bin": {
				"acorn": "bin/acorn"
			},
			"engines": {
				"node": ">=0.4.0"
			}
		},
		"node_modules/acorn-import-assertions": {
			"version": "1.9.0",
			"resolved": "https://registry.npmjs.org/acorn-import-assertions/-/acorn-import-assertions-1.9.0.tgz",
			"integrity": "sha512-cmMwop9x+8KFhxvKrKfPYmN6/pKTYYHBqLa0DfvVZcKMJWNyWLnaqND7dx/qn66R7ewM1UX5XMaDVP5wlVTaVA==",
			"optional": true,
			"peerDependencies": {
				"acorn": "^8"
			}
		},
		"node_modules/acorn-import-attributes": {
			"version": "1.9.5",
			"resolved": "https://registry.npmjs.org/acorn-import-attributes/-/acorn-import-attributes-1.9.5.tgz",
			"integrity": "sha512-n02Vykv5uA3eHGM/Z2dQrcD56kL8TyDb2p1+0P83PClMnC/nc+anbQRhIOWnSq4Ke/KvDPrY3C9hDtC/A3eHnQ==",
			"peerDependencies": {
				"acorn": "^8"
			}
		},
		"node_modules/acorn-walk": {
			"version": "8.3.2",
			"resolved": "https://registry.npmjs.org/acorn-walk/-/acorn-walk-8.3.2.tgz",
			"integrity": "sha512-cjkyv4OtNCIeqhHrfS81QWXoCBPExR/J62oyEqepVw8WaQeSqpW2uhuLPh1m9eWhDuOo/jUXVTlifvesOWp/4A==",
			"dev": true,
			"engines": {
				"node": ">=0.4.0"
			}
		},
		"node_modules/arg": {
			"version": "4.1.3",
			"resolved": "https://registry.npmjs.org/arg/-/arg-4.1.3.tgz",
			"integrity": "sha512-58S9QDqG0Xx27YwPSt9fJxivjYl432YCwfDMfZ+71RAqUrZef7LrKQZ3LHLOwCS4FLNBplP533Zx895SeOCHvA==",
			"dev": true
		},
		"node_modules/cjs-module-lexer": {
			"version": "1.4.0",
			"resolved": "https://registry.npmjs.org/cjs-module-lexer/-/cjs-module-lexer-1.4.0.tgz",
			"integrity": "sha512-N1NGmowPlGBLsOZLPvm48StN04V4YvQRL0i6b7ctrVY3epjP/ct7hFLOItz6pDIvRjwpfPxi52a2UWV2ziir8g=="
		},
		"node_modules/create-require": {
			"version": "1.1.1",
			"resolved": "https://registry.npmjs.org/create-require/-/create-require-1.1.1.tgz",
			"integrity": "sha512-dcKFX3jn0MpIaXjisoRvexIJVEKzaq7z2rZKxf+MSr9TkdmHmsU4m2lcLojrj/FHl8mk5VxMmYA+ftRkP/3oKQ==",
			"dev": true
		},
		"node_modules/date-format": {
			"version": "4.0.14",
			"resolved": "https://registry.npmjs.org/date-format/-/date-format-4.0.14.tgz",
			"integrity": "sha512-39BOQLs9ZjKh0/patS9nrT8wc3ioX3/eA/zgbKNopnF2wCqJEoxywwwElATYvRsXdnOxA/OQeQoFZ3rFjVajhg==",
			"peer": true,
			"engines": {
				"node": ">=4.0"
			}
		},
		"node_modules/debug": {
			"version": "4.3.6",
			"resolved": "https://registry.npmjs.org/debug/-/debug-4.3.6.tgz",
			"integrity": "sha512-O/09Bd4Z1fBrU4VzkhFqVgpPzaGbw6Sm9FEkBT1A/YBXQFGuuSxa1dN2nxgxS34JmKXqYx8CZAwEVoJFImUXIg==",
			"dependencies": {
				"ms": "2.1.2"
			},
			"engines": {
				"node": ">=6.0"
			},
			"peerDependenciesMeta": {
				"supports-color": {
					"optional": true
				}
			}
		},
		"node_modules/diff": {
			"version": "4.0.2",
			"resolved": "https://registry.npmjs.org/diff/-/diff-4.0.2.tgz",
			"integrity": "sha512-58lmxKSA4BNyLz+HHMUzlOEpg09FV+ev6ZMe3vJihgdxzgcwZ8VoEEPmALCZG9LmqfVoNMMKpttIYTVG6uDY7A==",
			"dev": true,
			"engines": {
				"node": ">=0.3.1"
			}
		},
		"node_modules/dprint": {
			"version": "0.47.2",
			"resolved": "https://registry.npmjs.org/dprint/-/dprint-0.47.2.tgz",
			"integrity": "sha512-geUcVIIrmLaY+YtuOl4gD7J/QCjsXZa5gUqre9sO6cgH0X/Fa9heBN3l/AWVII6rKPw45ATuCSDWz1pyO+HkPQ==",
			"dev": true,
			"hasInstallScript": true,
			"bin": {
				"dprint": "bin.js"
			},
			"optionalDependencies": {
				"@dprint/darwin-arm64": "0.47.2",
				"@dprint/darwin-x64": "0.47.2",
				"@dprint/linux-arm64-glibc": "0.47.2",
				"@dprint/linux-arm64-musl": "0.47.2",
				"@dprint/linux-x64-glibc": "0.47.2",
				"@dprint/linux-x64-musl": "0.47.2",
				"@dprint/win32-arm64": "0.47.2",
				"@dprint/win32-x64": "0.47.2"
			}
		},
		"node_modules/flatted": {
			"version": "3.2.7",
			"resolved": "https://registry.npmjs.org/flatted/-/flatted-3.2.7.tgz",
			"integrity": "sha512-5nqDSxl8nn5BSNxyR3n4I6eDmbolI6WT+QqR547RwxQapgjQBmtktdP+HTBb/a/zLsbzERTONyUB5pefh5TtjQ==",
			"peer": true
		},
		"node_modules/fs-extra": {
			"version": "8.1.0",
			"resolved": "https://registry.npmjs.org/fs-extra/-/fs-extra-8.1.0.tgz",
			"integrity": "sha512-yhlQgA6mnOJUKOsRUFsgJdQCvkKhcz8tlZG5HBQfReYZy46OwLcY+Zia0mtdHsOo9y/hP+CxMN0TU9QxoOtG4g==",
			"peer": true,
			"dependencies": {
				"graceful-fs": "^4.2.0",
				"jsonfile": "^4.0.0",
				"universalify": "^0.1.0"
			},
			"engines": {
				"node": ">=6 <7 || >=8"
			}
		},
		"node_modules/function-bind": {
			"version": "1.1.2",
			"resolved": "https://registry.npmjs.org/function-bind/-/function-bind-1.1.2.tgz",
			"integrity": "sha512-7XHNxH7qX9xG5mIwxkhumTox/MIRNcOgDrxWsMt2pAr23WHp6MrRlN7FBSFpCpr+oVO0F744iUgR82nJMfG2SA==",
			"funding": {
				"url": "https://github.com/sponsors/ljharb"
			}
		},
		"node_modules/graceful-fs": {
			"version": "4.2.11",
			"resolved": "https://registry.npmjs.org/graceful-fs/-/graceful-fs-4.2.11.tgz",
			"integrity": "sha512-RbJ5/jmFcNNCcDV5o9eTnBLJ/HszWV0P73bc+Ff4nS/rJj+YaS6IGyiOL0VoBYX+l1Wrl3k63h/KrH+nhJ0XvQ==",
			"peer": true
		},
		"node_modules/hasown": {
			"version": "2.0.2",
			"resolved": "https://registry.npmjs.org/hasown/-/hasown-2.0.2.tgz",
			"integrity": "sha512-0hJU9SCPvmMzIBdZFqNPXWa6dqh7WdH0cII9y+CyS8rG3nL48Bclra9HmKhVVUHyPWNH5Y7xDwAB7bfgSjkUMQ==",
			"dependencies": {
				"function-bind": "^1.1.2"
			},
			"engines": {
				"node": ">= 0.4"
			}
		},
		"node_modules/import-in-the-middle": {
			"version": "1.11.0",
			"resolved": "https://registry.npmjs.org/import-in-the-middle/-/import-in-the-middle-1.11.0.tgz",
			"integrity": "sha512-5DimNQGoe0pLUHbR9qK84iWaWjjbsxiqXnw6Qz64+azRgleqv9k2kTt5fw7QsOpmaGYtuxxursnPPsnTKEx10Q==",
			"dependencies": {
				"acorn": "^8.8.2",
				"acorn-import-attributes": "^1.9.5",
				"cjs-module-lexer": "^1.2.2",
				"module-details-from-path": "^1.0.3"
			}
		},
		"node_modules/is-core-module": {
			"version": "2.15.1",
			"resolved": "https://registry.npmjs.org/is-core-module/-/is-core-module-2.15.1.tgz",
			"integrity": "sha512-z0vtXSwucUJtANQWldhbtbt7BnL0vxiFjIdDLAatwhDYty2bad6s+rijD6Ri4YuYJubLzIJLUidCh09e1djEVQ==",
			"dependencies": {
				"hasown": "^2.0.2"
			},
			"engines": {
				"node": ">= 0.4"
			},
			"funding": {
				"url": "https://github.com/sponsors/ljharb"
			}
		},
		"node_modules/jsonfile": {
			"version": "4.0.0",
			"resolved": "https://registry.npmjs.org/jsonfile/-/jsonfile-4.0.0.tgz",
			"integrity": "sha512-m6F1R3z8jjlf2imQHS2Qez5sjKWQzbuuhuJ/FKYFRZvPE3PuHcSMVZzfsLhGVOkfd20obL5SWEBew5ShlquNxg==",
			"peer": true,
			"optionalDependencies": {
				"graceful-fs": "^4.1.6"
			}
		},
		"node_modules/log4js": {
			"version": "6.9.1",
			"resolved": "https://registry.npmjs.org/log4js/-/log4js-6.9.1.tgz",
			"integrity": "sha512-1somDdy9sChrr9/f4UlzhdaGfDR2c/SaD2a4T7qEkG4jTS57/B3qmnjLYePwQ8cqWnUHZI0iAKxMBpCZICiZ2g==",
			"peer": true,
			"dependencies": {
				"date-format": "^4.0.14",
				"debug": "^4.3.4",
				"flatted": "^3.2.7",
				"rfdc": "^1.3.0",
				"streamroller": "^3.1.5"
			},
			"engines": {
				"node": ">=8.0"
			}
		},
		"node_modules/make-error": {
			"version": "1.3.6",
			"resolved": "https://registry.npmjs.org/make-error/-/make-error-1.3.6.tgz",
			"integrity": "sha512-s8UhlNe7vPKomQhC1qFelMokr/Sc3AgNbso3n74mVPA5LTZwkB9NlXf4XPamLxJE8h0gh73rM94xvwRT2CVInw==",
			"dev": true
		},
		"node_modules/module-details-from-path": {
			"version": "1.0.3",
			"resolved": "https://registry.npmjs.org/module-details-from-path/-/module-details-from-path-1.0.3.tgz",
			"integrity": "sha512-ySViT69/76t8VhE1xXHK6Ch4NcDd26gx0MzKXLO+F7NOtnqH68d9zF94nT8ZWSxXh8ELOERsnJO/sWt1xZYw5A=="
		},
		"node_modules/ms": {
			"version": "2.1.2",
			"resolved": "https://registry.npmjs.org/ms/-/ms-2.1.2.tgz",
			"integrity": "sha512-sGkPx+VjMtmA6MX27oA4FBFELFCZZ4S4XqeGOXCv68tT+jb3vk/RyaKWP0PTKyWtmLSM0b+adUTEvbs1PEaH2w=="
		},
		"node_modules/opentelemetry-instrumentation-fetch-node": {
			"version": "1.2.3",
			"resolved": "https://registry.npmjs.org/opentelemetry-instrumentation-fetch-node/-/opentelemetry-instrumentation-fetch-node-1.2.3.tgz",
			"integrity": "sha512-Qb11T7KvoCevMaSeuamcLsAD+pZnavkhDnlVL0kRozfhl42dKG5Q3anUklAFKJZjY3twLR+BnRa6DlwwkIE/+A==",
			"optional": true,
			"dependencies": {
				"@opentelemetry/instrumentation": "^0.46.0",
				"@opentelemetry/semantic-conventions": "^1.17.0"
			},
			"engines": {
				"node": ">18.0.0"
			},
			"peerDependencies": {
				"@opentelemetry/api": "^1.6.0"
			}
		},
		"node_modules/opentelemetry-instrumentation-fetch-node/node_modules/@opentelemetry/instrumentation": {
			"version": "0.46.0",
			"resolved": "https://registry.npmjs.org/@opentelemetry/instrumentation/-/instrumentation-0.46.0.tgz",
			"integrity": "sha512-a9TijXZZbk0vI5TGLZl+0kxyFfrXHhX6Svtz7Pp2/VBlCSKrazuULEyoJQrOknJyFWNMEmbbJgOciHCCpQcisw==",
			"optional": true,
			"dependencies": {
				"@types/shimmer": "^1.0.2",
				"import-in-the-middle": "1.7.1",
				"require-in-the-middle": "^7.1.1",
				"semver": "^7.5.2",
				"shimmer": "^1.2.1"
			},
			"engines": {
				"node": ">=14"
			},
			"peerDependencies": {
				"@opentelemetry/api": "^1.3.0"
			}
		},
		"node_modules/opentelemetry-instrumentation-fetch-node/node_modules/import-in-the-middle": {
			"version": "1.7.1",
			"resolved": "https://registry.npmjs.org/import-in-the-middle/-/import-in-the-middle-1.7.1.tgz",
			"integrity": "sha512-1LrZPDtW+atAxH42S6288qyDFNQ2YCty+2mxEPRtfazH6Z5QwkaBSTS2ods7hnVJioF6rkRfNoA6A/MstpFXLg==",
			"optional": true,
			"dependencies": {
				"acorn": "^8.8.2",
				"acorn-import-assertions": "^1.9.0",
				"cjs-module-lexer": "^1.2.2",
				"module-details-from-path": "^1.0.3"
			}
		},
		"node_modules/path-parse": {
			"version": "1.0.7",
			"resolved": "https://registry.npmjs.org/path-parse/-/path-parse-1.0.7.tgz",
			"integrity": "sha512-LDJzPVEEEPR+y48z93A0Ed0yXb8pAByGWo/k5YYdYgpY2/2EsOsksJrq7lOHxryrVOn1ejG6oAp8ahvOIQD8sw=="
		},
		"node_modules/pg-int8": {
			"version": "1.0.1",
			"resolved": "https://registry.npmjs.org/pg-int8/-/pg-int8-1.0.1.tgz",
			"integrity": "sha512-WCtabS6t3c8SkpDBUlb1kjOs7l66xsGdKpIPZsg4wR+B3+u9UAum2odSsF9tnvxg80h4ZxLWMy4pRjOsFIqQpw==",
			"engines": {
				"node": ">=4.0.0"
			}
		},
		"node_modules/pg-protocol": {
			"version": "1.6.1",
			"resolved": "https://registry.npmjs.org/pg-protocol/-/pg-protocol-1.6.1.tgz",
			"integrity": "sha512-jPIlvgoD63hrEuihvIg+tJhoGjUsLPn6poJY9N5CnlPd91c2T18T/9zBtLxZSb1EhYxBRoZJtzScCaWlYLtktg=="
		},
		"node_modules/pg-types": {
			"version": "2.2.0",
			"resolved": "https://registry.npmjs.org/pg-types/-/pg-types-2.2.0.tgz",
			"integrity": "sha512-qTAAlrEsl8s4OiEQY69wDvcMIdQN6wdz5ojQiOy6YRMuynxenON0O5oCpJI6lshc6scgAY8qvJ2On/p+CXY0GA==",
			"dependencies": {
				"pg-int8": "1.0.1",
				"postgres-array": "~2.0.0",
				"postgres-bytea": "~1.0.0",
				"postgres-date": "~1.0.4",
				"postgres-interval": "^1.1.0"
			},
			"engines": {
				"node": ">=4"
			}
		},
		"node_modules/postgres-array": {
			"version": "2.0.0",
			"resolved": "https://registry.npmjs.org/postgres-array/-/postgres-array-2.0.0.tgz",
			"integrity": "sha512-VpZrUqU5A69eQyW2c5CA1jtLecCsN2U/bD6VilrFDWq5+5UIEVO7nazS3TEcHf1zuPYO/sqGvUvW62g86RXZuA==",
			"engines": {
				"node": ">=4"
			}
		},
		"node_modules/postgres-bytea": {
			"version": "1.0.0",
			"resolved": "https://registry.npmjs.org/postgres-bytea/-/postgres-bytea-1.0.0.tgz",
			"integrity": "sha512-xy3pmLuQqRBZBXDULy7KbaitYqLcmxigw14Q5sj8QBVLqEwXfeybIKVWiqAXTlcvdvb0+xkOtDbfQMOf4lST1w==",
			"engines": {
				"node": ">=0.10.0"
			}
		},
		"node_modules/postgres-date": {
			"version": "1.0.7",
			"resolved": "https://registry.npmjs.org/postgres-date/-/postgres-date-1.0.7.tgz",
			"integrity": "sha512-suDmjLVQg78nMK2UZ454hAG+OAW+HQPZ6n++TNDUX+L0+uUlLywnoxJKDou51Zm+zTCjrCl0Nq6J9C5hP9vK/Q==",
			"engines": {
				"node": ">=0.10.0"
			}
		},
		"node_modules/postgres-interval": {
			"version": "1.2.0",
			"resolved": "https://registry.npmjs.org/postgres-interval/-/postgres-interval-1.2.0.tgz",
			"integrity": "sha512-9ZhXKM/rw350N1ovuWHbGxnGh/SNJ4cnxHiM0rxE4VN41wsg8P8zWn9hv/buK00RP4WvlOyr/RBDiptyxVbkZQ==",
			"dependencies": {
				"xtend": "^4.0.0"
			},
			"engines": {
				"node": ">=0.10.0"
			}
		},
		"node_modules/require-in-the-middle": {
			"version": "7.4.0",
			"resolved": "https://registry.npmjs.org/require-in-the-middle/-/require-in-the-middle-7.4.0.tgz",
			"integrity": "sha512-X34iHADNbNDfr6OTStIAHWSAvvKQRYgLO6duASaVf7J2VA3lvmNYboAHOuLC2huav1IwgZJtyEcJCKVzFxOSMQ==",
			"dependencies": {
				"debug": "^4.3.5",
				"module-details-from-path": "^1.0.3",
				"resolve": "^1.22.8"
			},
			"engines": {
				"node": ">=8.6.0"
			}
		},
		"node_modules/resolve": {
			"version": "1.22.8",
			"resolved": "https://registry.npmjs.org/resolve/-/resolve-1.22.8.tgz",
			"integrity": "sha512-oKWePCxqpd6FlLvGV1VU0x7bkPmmCNolxzjMf4NczoDnQcIWrAF+cPtZn5i6n+RfD2d9i0tzpKnG6Yk168yIyw==",
			"dependencies": {
				"is-core-module": "^2.13.0",
				"path-parse": "^1.0.7",
				"supports-preserve-symlinks-flag": "^1.0.0"
			},
			"bin": {
				"resolve": "bin/resolve"
			},
			"funding": {
				"url": "https://github.com/sponsors/ljharb"
			}
		},
		"node_modules/rfdc": {
			"version": "1.3.0",
			"resolved": "https://registry.npmjs.org/rfdc/-/rfdc-1.3.0.tgz",
			"integrity": "sha512-V2hovdzFbOi77/WajaSMXk2OLm+xNIeQdMMuB7icj7bk6zi2F8GGAxigcnDFpJHbNyNcgyJDiP+8nOrY5cZGrA==",
			"peer": true
		},
		"node_modules/semver": {
			"version": "7.6.3",
			"resolved": "https://registry.npmjs.org/semver/-/semver-7.6.3.tgz",
			"integrity": "sha512-oVekP1cKtI+CTDvHWYFUcMtsK/00wmAEfyqKfNdARm8u1wNVhSgaX7A8d4UuIlUI5e84iEwOhs7ZPYRmzU9U6A==",
			"bin": {
				"semver": "bin/semver.js"
			},
			"engines": {
				"node": ">=10"
			}
		},
		"node_modules/shimmer": {
			"version": "1.2.1",
			"resolved": "https://registry.npmjs.org/shimmer/-/shimmer-1.2.1.tgz",
			"integrity": "sha512-sQTKC1Re/rM6XyFM6fIAGHRPVGvyXfgzIDvzoq608vM+jeyVD0Tu1E6Np0Kc2zAIFWIj963V2800iF/9LPieQw=="
		},
		"node_modules/streamroller": {
			"version": "3.1.5",
			"resolved": "https://registry.npmjs.org/streamroller/-/streamroller-3.1.5.tgz",
			"integrity": "sha512-KFxaM7XT+irxvdqSP1LGLgNWbYN7ay5owZ3r/8t77p+EtSUAfUgtl7be3xtqtOmGUl9K9YPO2ca8133RlTjvKw==",
			"peer": true,
			"dependencies": {
				"date-format": "^4.0.14",
				"debug": "^4.3.4",
				"fs-extra": "^8.1.0"
			},
			"engines": {
				"node": ">=8.0"
			}
		},
		"node_modules/supports-preserve-symlinks-flag": {
			"version": "1.0.0",
			"resolved": "https://registry.npmjs.org/supports-preserve-symlinks-flag/-/supports-preserve-symlinks-flag-1.0.0.tgz",
			"integrity": "sha512-ot0WnXS9fgdkgIcePe6RHNk1WA8+muPa6cSjeR3V8K27q9BB1rTE3R1p7Hv0z1ZyAc8s6Vvv8DIyWf681MAt0w==",
			"engines": {
				"node": ">= 0.4"
			},
			"funding": {
				"url": "https://github.com/sponsors/ljharb"
			}
		},
		"node_modules/ts-node": {
			"version": "10.9.2",
			"resolved": "https://registry.npmjs.org/ts-node/-/ts-node-10.9.2.tgz",
			"integrity": "sha512-f0FFpIdcHgn8zcPSbf1dRevwt047YMnaiJM3u2w2RewrB+fob/zePZcrOyQoLMMO7aBIddLcQIEK5dYjkLnGrQ==",
			"dev": true,
			"dependencies": {
				"@cspotcode/source-map-support": "^0.8.0",
				"@tsconfig/node10": "^1.0.7",
				"@tsconfig/node12": "^1.0.7",
				"@tsconfig/node14": "^1.0.0",
				"@tsconfig/node16": "^1.0.2",
				"acorn": "^8.4.1",
				"acorn-walk": "^8.1.1",
				"arg": "^4.1.0",
				"create-require": "^1.1.0",
				"diff": "^4.0.1",
				"make-error": "^1.1.1",
				"v8-compile-cache-lib": "^3.0.1",
				"yn": "3.1.1"
			},
			"bin": {
				"ts-node": "dist/bin.js",
				"ts-node-cwd": "dist/bin-cwd.js",
				"ts-node-esm": "dist/bin-esm.js",
				"ts-node-script": "dist/bin-script.js",
				"ts-node-transpile-only": "dist/bin-transpile.js",
				"ts-script": "dist/bin-script-deprecated.js"
			},
			"peerDependencies": {
				"@swc/core": ">=1.2.50",
				"@swc/wasm": ">=1.2.50",
				"@types/node": "*",
				"typescript": ">=2.7"
			},
			"peerDependenciesMeta": {
				"@swc/core": {
					"optional": true
				},
				"@swc/wasm": {
					"optional": true
				}
			}
		},
		"node_modules/typescript": {
			"version": "5.5.4",
			"resolved": "https://registry.npmjs.org/typescript/-/typescript-5.5.4.tgz",
			"integrity": "sha512-Mtq29sKDAEYP7aljRgtPOpTvOfbwRWlS6dPRzwjdE+C0R4brX/GUyhHSecbHMFLNBLcJIPt9nl9yG5TZ1weH+Q==",
			"dev": true,
			"bin": {
				"tsc": "bin/tsc",
				"tsserver": "bin/tsserver"
			},
			"engines": {
				"node": ">=14.17"
			}
		},
		"node_modules/undici-types": {
			"version": "5.26.5",
			"resolved": "https://registry.npmjs.org/undici-types/-/undici-types-5.26.5.tgz",
			"integrity": "sha512-JlCMO+ehdEIKqlFxk6IfVoAUVmgz7cU7zD/h9XZ0qzeosSHmUJVOzSQvvYSYWXkFXC+IfLKSIffhv0sVZup6pA=="
		},
		"node_modules/universalify": {
			"version": "0.1.2",
			"resolved": "https://registry.npmjs.org/universalify/-/universalify-0.1.2.tgz",
			"integrity": "sha512-rBJeI5CXAlmy1pV+617WB9J63U6XcazHHF2f2dbJix4XzpUF0RS3Zbj0FGIOCAva5P/d/GBOYaACQ1w+0azUkg==",
			"peer": true,
			"engines": {
				"node": ">= 4.0.0"
			}
		},
		"node_modules/v8-compile-cache-lib": {
			"version": "3.0.1",
			"resolved": "https://registry.npmjs.org/v8-compile-cache-lib/-/v8-compile-cache-lib-3.0.1.tgz",
			"integrity": "sha512-wa7YjyUGfNZngI/vtK0UHAN+lgDCxBPCylVXGp0zu59Fz5aiGtNXaq3DhIov063MorB+VfufLh3JlF2KdTK3xg==",
			"dev": true
		},
		"node_modules/xtend": {
			"version": "4.0.2",
			"resolved": "https://registry.npmjs.org/xtend/-/xtend-4.0.2.tgz",
			"integrity": "sha512-LKYU1iAXJXUgAXn9URjiu+MWhyUXHsvfp7mcuYm9dSUKK0/CjtrUwFAxD82/mCWbtLsGjFIad0wIsod4zrTAEQ==",
			"engines": {
				"node": ">=0.4"
			}
		},
		"node_modules/yn": {
			"version": "3.1.1",
			"resolved": "https://registry.npmjs.org/yn/-/yn-3.1.1.tgz",
			"integrity": "sha512-Ux4ygGWsu2c7isFWe8Yu1YluJmqVhxqK2cLXNQA5AcC3QfbGNpM7fu0Y8b/z16pXLnFxZYvWhd3fhBY9DLmC6Q==",
			"dev": true,
			"engines": {
				"node": ">=6"
			}
		}
	}
}
